// !$*UTF8*$!
{
	archiveVersion = 1;
	classes = {
	};
	objectVersion = 50;
	objects = {

/* Begin PBXBuildFile section */
		155A71ED18FAB4CDBE7FCEFA /* Pods_jira_work_log.framework in Frameworks */ = {isa = PBXBuildFile; fileRef = DDD7674563C636ECA75A8467 /* Pods_jira_work_log.framework */; };
		B298C62721FE4116008CC401 /* Result.swift in Sources */ = {isa = PBXBuildFile; fileRef = B298C62621FE4116008CC401 /* Result.swift */; };
		B298C62921FE412F008CC401 /* SimpleResult.swift in Sources */ = {isa = PBXBuildFile; fileRef = B298C62821FE412F008CC401 /* SimpleResult.swift */; };
		B298C62B21FE4479008CC401 /* ViewController.swift in Sources */ = {isa = PBXBuildFile; fileRef = B298C62A21FE4479008CC401 /* ViewController.swift */; };
		B298C62F21FE69CB008CC401 /* ListProjectsStoryboard.storyboard in Resources */ = {isa = PBXBuildFile; fileRef = B298C62E21FE69CB008CC401 /* ListProjectsStoryboard.storyboard */; };
		B298C63121FE6A6C008CC401 /* ListProjectsViewController.swift in Sources */ = {isa = PBXBuildFile; fileRef = B298C63021FE6A6C008CC401 /* ListProjectsViewController.swift */; };
		B298C63421FE6B17008CC401 /* ProjectTableViewCell.swift in Sources */ = {isa = PBXBuildFile; fileRef = B298C63221FE6B17008CC401 /* ProjectTableViewCell.swift */; };
		B298C63521FE6B17008CC401 /* ProjectTableViewCell.xib in Resources */ = {isa = PBXBuildFile; fileRef = B298C63321FE6B17008CC401 /* ProjectTableViewCell.xib */; };
		B298C63A21FE6BCE008CC401 /* ListProjectsPresenter.swift in Sources */ = {isa = PBXBuildFile; fileRef = B298C63921FE6BCE008CC401 /* ListProjectsPresenter.swift */; };
		B298C63C21FE6C1D008CC401 /* ListProjectsRouter.swift in Sources */ = {isa = PBXBuildFile; fileRef = B298C63B21FE6C1D008CC401 /* ListProjectsRouter.swift */; };
		B298C63E21FE6C39008CC401 /* ListProjectsInteractor.swift in Sources */ = {isa = PBXBuildFile; fileRef = B298C63D21FE6C39008CC401 /* ListProjectsInteractor.swift */; };
		B298C64121FE7514008CC401 /* Router.swift in Sources */ = {isa = PBXBuildFile; fileRef = B298C64021FE7514008CC401 /* Router.swift */; };
		B298C64421FE777C008CC401 /* JIRAProject.swift in Sources */ = {isa = PBXBuildFile; fileRef = B298C64321FE777C008CC401 /* JIRAProject.swift */; };
		B2FAEBAD21FD1D5F001F0D39 /* AppDelegate.swift in Sources */ = {isa = PBXBuildFile; fileRef = B2FAEBAC21FD1D5F001F0D39 /* AppDelegate.swift */; };
		B2FAEBB421FD1D61001F0D39 /* Assets.xcassets in Resources */ = {isa = PBXBuildFile; fileRef = B2FAEBB321FD1D61001F0D39 /* Assets.xcassets */; };
		B2FAEBB721FD1D61001F0D39 /* LaunchScreen.storyboard in Resources */ = {isa = PBXBuildFile; fileRef = B2FAEBB521FD1D61001F0D39 /* LaunchScreen.storyboard */; };
		B2FAEBE021FD2E4A001F0D39 /* LoginRouter.swift in Sources */ = {isa = PBXBuildFile; fileRef = B2FAEBDF21FD2E4A001F0D39 /* LoginRouter.swift */; };
		B2FAEBE321FD2F3B001F0D39 /* LoginStoryboard.storyboard in Resources */ = {isa = PBXBuildFile; fileRef = B2FAEBE221FD2F3B001F0D39 /* LoginStoryboard.storyboard */; };
		B2FAEBE521FD3FBD001F0D39 /* LoginViewController.swift in Sources */ = {isa = PBXBuildFile; fileRef = B2FAEBE421FD3FBD001F0D39 /* LoginViewController.swift */; };
		B2FAEBE821FD403E001F0D39 /* LoginPresenter.swift in Sources */ = {isa = PBXBuildFile; fileRef = B2FAEBE721FD403E001F0D39 /* LoginPresenter.swift */; };
		B2FAEBEB21FD40D1001F0D39 /* LoginInteractor.swift in Sources */ = {isa = PBXBuildFile; fileRef = B2FAEBEA21FD40D1001F0D39 /* LoginInteractor.swift */; };
		B2FAEBF121FD4394001F0D39 /* R.generated.swift in Sources */ = {isa = PBXBuildFile; fileRef = B2FAEBF021FD4394001F0D39 /* R.generated.swift */; };
		B2FAEBF521FD4445001F0D39 /* ViewWithBorderRoundCorner.swift in Sources */ = {isa = PBXBuildFile; fileRef = B2FAEBF421FD4445001F0D39 /* ViewWithBorderRoundCorner.swift */; };
		B2FAEBF921FD481E001F0D39 /* StartStoryboard.storyboard in Resources */ = {isa = PBXBuildFile; fileRef = B2FAEBF821FD481E001F0D39 /* StartStoryboard.storyboard */; };
		B2FAEBFB21FD4854001F0D39 /* StartViewController.swift in Sources */ = {isa = PBXBuildFile; fileRef = B2FAEBFA21FD4854001F0D39 /* StartViewController.swift */; };
/* End PBXBuildFile section */

/* Begin PBXContainerItemProxy section */
		B2FAEBBE21FD1D61001F0D39 /* PBXContainerItemProxy */ = {
			isa = PBXContainerItemProxy;
			containerPortal = B2FAEBA121FD1D5F001F0D39 /* Project object */;
			proxyType = 1;
			remoteGlobalIDString = B2FAEBA821FD1D5F001F0D39;
			remoteInfo = "jira-work-log";
		};
		B2FAEBC921FD1D61001F0D39 /* PBXContainerItemProxy */ = {
			isa = PBXContainerItemProxy;
			containerPortal = B2FAEBA121FD1D5F001F0D39 /* Project object */;
			proxyType = 1;
			remoteGlobalIDString = B2FAEBA821FD1D5F001F0D39;
			remoteInfo = "jira-work-log";
		};
/* End PBXContainerItemProxy section */

/* Begin PBXFileReference section */
		1A729DA88897273A886BF8F7 /* Pods_jira_work_logTests.framework */ = {isa = PBXFileReference; explicitFileType = wrapper.framework; includeInIndex = 0; path = Pods_jira_work_logTests.framework; sourceTree = BUILT_PRODUCTS_DIR; };
		B0DC965B7971DB8FDC2F70EE /* Pods-jira-work-log.debug.xcconfig */ = {isa = PBXFileReference; includeInIndex = 1; lastKnownFileType = text.xcconfig; name = "Pods-jira-work-log.debug.xcconfig"; path = "Target Support Files/Pods-jira-work-log/Pods-jira-work-log.debug.xcconfig"; sourceTree = "<group>"; };
		B298C62621FE4116008CC401 /* Result.swift */ = {isa = PBXFileReference; lastKnownFileType = sourcecode.swift; path = Result.swift; sourceTree = "<group>"; };
		B298C62821FE412F008CC401 /* SimpleResult.swift */ = {isa = PBXFileReference; lastKnownFileType = sourcecode.swift; path = SimpleResult.swift; sourceTree = "<group>"; };
		B298C62A21FE4479008CC401 /* ViewController.swift */ = {isa = PBXFileReference; lastKnownFileType = sourcecode.swift; path = ViewController.swift; sourceTree = "<group>"; };
		B298C62E21FE69CB008CC401 /* ListProjectsStoryboard.storyboard */ = {isa = PBXFileReference; lastKnownFileType = file.storyboard; path = ListProjectsStoryboard.storyboard; sourceTree = "<group>"; };
		B298C63021FE6A6C008CC401 /* ListProjectsViewController.swift */ = {isa = PBXFileReference; lastKnownFileType = sourcecode.swift; path = ListProjectsViewController.swift; sourceTree = "<group>"; };
		B298C63221FE6B17008CC401 /* ProjectTableViewCell.swift */ = {isa = PBXFileReference; lastKnownFileType = sourcecode.swift; path = ProjectTableViewCell.swift; sourceTree = "<group>"; };
		B298C63321FE6B17008CC401 /* ProjectTableViewCell.xib */ = {isa = PBXFileReference; lastKnownFileType = file.xib; path = ProjectTableViewCell.xib; sourceTree = "<group>"; };
		B298C63921FE6BCE008CC401 /* ListProjectsPresenter.swift */ = {isa = PBXFileReference; lastKnownFileType = sourcecode.swift; path = ListProjectsPresenter.swift; sourceTree = "<group>"; };
		B298C63B21FE6C1D008CC401 /* ListProjectsRouter.swift */ = {isa = PBXFileReference; lastKnownFileType = sourcecode.swift; path = ListProjectsRouter.swift; sourceTree = "<group>"; };
		B298C63D21FE6C39008CC401 /* ListProjectsInteractor.swift */ = {isa = PBXFileReference; lastKnownFileType = sourcecode.swift; path = ListProjectsInteractor.swift; sourceTree = "<group>"; };
		B298C64021FE7514008CC401 /* Router.swift */ = {isa = PBXFileReference; lastKnownFileType = sourcecode.swift; path = Router.swift; sourceTree = "<group>"; };
		B298C64321FE777C008CC401 /* JIRAProject.swift */ = {isa = PBXFileReference; lastKnownFileType = sourcecode.swift; path = JIRAProject.swift; sourceTree = "<group>"; };
		B2FAEBA921FD1D5F001F0D39 /* jira-work-log.app */ = {isa = PBXFileReference; explicitFileType = wrapper.application; includeInIndex = 0; path = "jira-work-log.app"; sourceTree = BUILT_PRODUCTS_DIR; };
		B2FAEBAC21FD1D5F001F0D39 /* AppDelegate.swift */ = {isa = PBXFileReference; lastKnownFileType = sourcecode.swift; path = AppDelegate.swift; sourceTree = "<group>"; };
		B2FAEBB321FD1D61001F0D39 /* Assets.xcassets */ = {isa = PBXFileReference; lastKnownFileType = folder.assetcatalog; path = Assets.xcassets; sourceTree = "<group>"; };
		B2FAEBB621FD1D61001F0D39 /* Base */ = {isa = PBXFileReference; lastKnownFileType = file.storyboard; name = Base; path = Base.lproj/LaunchScreen.storyboard; sourceTree = "<group>"; };
		B2FAEBB821FD1D61001F0D39 /* Info.plist */ = {isa = PBXFileReference; lastKnownFileType = text.plist.xml; path = Info.plist; sourceTree = "<group>"; };
		B2FAEBBD21FD1D61001F0D39 /* jira-work-logTests.xctest */ = {isa = PBXFileReference; explicitFileType = wrapper.cfbundle; includeInIndex = 0; path = "jira-work-logTests.xctest"; sourceTree = BUILT_PRODUCTS_DIR; };
		B2FAEBC821FD1D61001F0D39 /* jira-work-logUITests.xctest */ = {isa = PBXFileReference; explicitFileType = wrapper.cfbundle; includeInIndex = 0; path = "jira-work-logUITests.xctest"; sourceTree = BUILT_PRODUCTS_DIR; };
		B2FAEBDF21FD2E4A001F0D39 /* LoginRouter.swift */ = {isa = PBXFileReference; lastKnownFileType = sourcecode.swift; path = LoginRouter.swift; sourceTree = "<group>"; };
		B2FAEBE221FD2F3B001F0D39 /* LoginStoryboard.storyboard */ = {isa = PBXFileReference; lastKnownFileType = file.storyboard; path = LoginStoryboard.storyboard; sourceTree = "<group>"; };
		B2FAEBE421FD3FBD001F0D39 /* LoginViewController.swift */ = {isa = PBXFileReference; lastKnownFileType = sourcecode.swift; path = LoginViewController.swift; sourceTree = "<group>"; };
		B2FAEBE721FD403E001F0D39 /* LoginPresenter.swift */ = {isa = PBXFileReference; lastKnownFileType = sourcecode.swift; path = LoginPresenter.swift; sourceTree = "<group>"; };
		B2FAEBEA21FD40D1001F0D39 /* LoginInteractor.swift */ = {isa = PBXFileReference; lastKnownFileType = sourcecode.swift; path = LoginInteractor.swift; sourceTree = "<group>"; };
		B2FAEBF021FD4394001F0D39 /* R.generated.swift */ = {isa = PBXFileReference; fileEncoding = 4; lastKnownFileType = sourcecode.swift; path = R.generated.swift; sourceTree = "<group>"; };
		B2FAEBF421FD4445001F0D39 /* ViewWithBorderRoundCorner.swift */ = {isa = PBXFileReference; lastKnownFileType = sourcecode.swift; path = ViewWithBorderRoundCorner.swift; sourceTree = "<group>"; };
		B2FAEBF821FD481E001F0D39 /* StartStoryboard.storyboard */ = {isa = PBXFileReference; lastKnownFileType = file.storyboard; path = StartStoryboard.storyboard; sourceTree = "<group>"; };
		B2FAEBFA21FD4854001F0D39 /* StartViewController.swift */ = {isa = PBXFileReference; lastKnownFileType = sourcecode.swift; path = StartViewController.swift; sourceTree = "<group>"; };
		CB12CA26F6FCBEAFEE829C68 /* Pods_jira_work_logUITests.framework */ = {isa = PBXFileReference; explicitFileType = wrapper.framework; includeInIndex = 0; path = Pods_jira_work_logUITests.framework; sourceTree = BUILT_PRODUCTS_DIR; };
		DDD7674563C636ECA75A8467 /* Pods_jira_work_log.framework */ = {isa = PBXFileReference; explicitFileType = wrapper.framework; includeInIndex = 0; path = Pods_jira_work_log.framework; sourceTree = BUILT_PRODUCTS_DIR; };
		DE02E285D16905FB42B3FCC7 /* Pods-jira-work-log.release.xcconfig */ = {isa = PBXFileReference; includeInIndex = 1; lastKnownFileType = text.xcconfig; name = "Pods-jira-work-log.release.xcconfig"; path = "Target Support Files/Pods-jira-work-log/Pods-jira-work-log.release.xcconfig"; sourceTree = "<group>"; };
/* End PBXFileReference section */

/* Begin PBXFrameworksBuildPhase section */
		B2FAEBA621FD1D5F001F0D39 /* Frameworks */ = {
			isa = PBXFrameworksBuildPhase;
			buildActionMask = 2147483647;
			files = (
				155A71ED18FAB4CDBE7FCEFA /* Pods_jira_work_log.framework in Frameworks */,
			);
			runOnlyForDeploymentPostprocessing = 0;
		};
		B2FAEBBA21FD1D61001F0D39 /* Frameworks */ = {
			isa = PBXFrameworksBuildPhase;
			buildActionMask = 2147483647;
			files = (
			);
			runOnlyForDeploymentPostprocessing = 0;
		};
		B2FAEBC521FD1D61001F0D39 /* Frameworks */ = {
			isa = PBXFrameworksBuildPhase;
			buildActionMask = 2147483647;
			files = (
			);
			runOnlyForDeploymentPostprocessing = 0;
		};
/* End PBXFrameworksBuildPhase section */

/* Begin PBXGroup section */
		6B933114B64409A0A344EFEE /* Frameworks */ = {
			isa = PBXGroup;
			children = (
				DDD7674563C636ECA75A8467 /* Pods_jira_work_log.framework */,
				1A729DA88897273A886BF8F7 /* Pods_jira_work_logTests.framework */,
				CB12CA26F6FCBEAFEE829C68 /* Pods_jira_work_logUITests.framework */,
			);
			name = Frameworks;
			sourceTree = "<group>";
		};
		B298C61F21FDFA45008CC401 /* Interactor */ = {
			isa = PBXGroup;
			children = (
				B298C62621FE4116008CC401 /* Result.swift */,
				B298C62821FE412F008CC401 /* SimpleResult.swift */,
			);
			path = Interactor;
			sourceTree = "<group>";
		};
		B298C62C21FE54FB008CC401 /* ListProjects */ = {
			isa = PBXGroup;
			children = (
				B298C64221FE7766008CC401 /* Entity */,
				B298C63821FE6BB8008CC401 /* Router */,
				B298C63721FE6BAE008CC401 /* Interactor */,
				B298C63621FE6B99008CC401 /* Presenter */,
				B298C62D21FE69B2008CC401 /* View */,
			);
			path = ListProjects;
			sourceTree = "<group>";
		};
		B298C62D21FE69B2008CC401 /* View */ = {
			isa = PBXGroup;
			children = (
				B298C63021FE6A6C008CC401 /* ListProjectsViewController.swift */,
				B298C62E21FE69CB008CC401 /* ListProjectsStoryboard.storyboard */,
				B298C63221FE6B17008CC401 /* ProjectTableViewCell.swift */,
				B298C63321FE6B17008CC401 /* ProjectTableViewCell.xib */,
			);
			path = View;
			sourceTree = "<group>";
		};
		B298C63621FE6B99008CC401 /* Presenter */ = {
			isa = PBXGroup;
			children = (
				B298C63921FE6BCE008CC401 /* ListProjectsPresenter.swift */,
			);
			path = Presenter;
			sourceTree = "<group>";
		};
		B298C63721FE6BAE008CC401 /* Interactor */ = {
			isa = PBXGroup;
			children = (
				B298C63D21FE6C39008CC401 /* ListProjectsInteractor.swift */,
			);
			path = Interactor;
			sourceTree = "<group>";
		};
		B298C63821FE6BB8008CC401 /* Router */ = {
			isa = PBXGroup;
			children = (
				B298C63B21FE6C1D008CC401 /* ListProjectsRouter.swift */,
			);
			path = Router;
			sourceTree = "<group>";
		};
		B298C63F21FE750E008CC401 /* Router */ = {
			isa = PBXGroup;
			children = (
				B298C64021FE7514008CC401 /* Router.swift */,
			);
			path = Router;
			sourceTree = "<group>";
		};
		B298C64221FE7766008CC401 /* Entity */ = {
			isa = PBXGroup;
			children = (
				B298C64321FE777C008CC401 /* JIRAProject.swift */,
			);
			path = Entity;
			sourceTree = "<group>";
		};
		B2FAEBA021FD1D5F001F0D39 = {
			isa = PBXGroup;
			children = (
				B2FAEBAB21FD1D5F001F0D39 /* jira-work-log */,
				B2FAEBAA21FD1D5F001F0D39 /* Products */,
				DA5EB5B3B48190C410133CB4 /* Pods */,
				6B933114B64409A0A344EFEE /* Frameworks */,
			);
			sourceTree = "<group>";
		};
		B2FAEBAA21FD1D5F001F0D39 /* Products */ = {
			isa = PBXGroup;
			children = (
				B2FAEBA921FD1D5F001F0D39 /* jira-work-log.app */,
				B2FAEBBD21FD1D61001F0D39 /* jira-work-logTests.xctest */,
				B2FAEBC821FD1D61001F0D39 /* jira-work-logUITests.xctest */,
			);
			name = Products;
			sourceTree = "<group>";
		};
		B2FAEBAB21FD1D5F001F0D39 /* jira-work-log */ = {
			isa = PBXGroup;
			children = (
				B2FAEBDC21FD25F3001F0D39 /* Modules */,
				B2FAEBDB21FD25B5001F0D39 /* Resources */,
				B2FAEBDA21FD2578001F0D39 /* Application */,
				B2FAEBB821FD1D61001F0D39 /* Info.plist */,
			);
			path = "jira-work-log";
			sourceTree = "<group>";
		};
		B2FAEBDA21FD2578001F0D39 /* Application */ = {
			isa = PBXGroup;
			children = (
				B2FAEBAC21FD1D5F001F0D39 /* AppDelegate.swift */,
			);
			path = Application;
			sourceTree = "<group>";
		};
		B2FAEBDB21FD25B5001F0D39 /* Resources */ = {
			isa = PBXGroup;
			children = (
				B2FAEBF021FD4394001F0D39 /* R.generated.swift */,
				B2FAEBB521FD1D61001F0D39 /* LaunchScreen.storyboard */,
				B2FAEBB321FD1D61001F0D39 /* Assets.xcassets */,
			);
			path = Resources;
			sourceTree = "<group>";
		};
		B2FAEBDC21FD25F3001F0D39 /* Modules */ = {
			isa = PBXGroup;
			children = (
				B2FAEBF221FD4419001F0D39 /* Common */,
				B2FAEBF621FD47E3001F0D39 /* Start */,
				B298C62C21FE54FB008CC401 /* ListProjects */,
				B2FAEBDD21FD2D29001F0D39 /* Login */,
			);
			path = Modules;
			sourceTree = "<group>";
		};
		B2FAEBDD21FD2D29001F0D39 /* Login */ = {
			isa = PBXGroup;
			children = (
				B2FAEBE921FD40C3001F0D39 /* Interactor */,
				B2FAEBE621FD4023001F0D39 /* Presenter */,
				B2FAEBE121FD2E7E001F0D39 /* View */,
				B2FAEBDE21FD2DD8001F0D39 /* Router */,
			);
			path = Login;
			sourceTree = "<group>";
		};
		B2FAEBDE21FD2DD8001F0D39 /* Router */ = {
			isa = PBXGroup;
			children = (
				B2FAEBDF21FD2E4A001F0D39 /* LoginRouter.swift */,
			);
			path = Router;
			sourceTree = "<group>";
		};
		B2FAEBE121FD2E7E001F0D39 /* View */ = {
			isa = PBXGroup;
			children = (
				B2FAEBE421FD3FBD001F0D39 /* LoginViewController.swift */,
				B2FAEBE221FD2F3B001F0D39 /* LoginStoryboard.storyboard */,
			);
			path = View;
			sourceTree = "<group>";
		};
		B2FAEBE621FD4023001F0D39 /* Presenter */ = {
			isa = PBXGroup;
			children = (
				B2FAEBE721FD403E001F0D39 /* LoginPresenter.swift */,
			);
			path = Presenter;
			sourceTree = "<group>";
		};
		B2FAEBE921FD40C3001F0D39 /* Interactor */ = {
			isa = PBXGroup;
			children = (
				B2FAEBEA21FD40D1001F0D39 /* LoginInteractor.swift */,
			);
			path = Interactor;
			sourceTree = "<group>";
		};
		B2FAEBF221FD4419001F0D39 /* Common */ = {
			isa = PBXGroup;
			children = (
				B298C63F21FE750E008CC401 /* Router */,
				B298C61F21FDFA45008CC401 /* Interactor */,
				B2FAEBF321FD4420001F0D39 /* View */,
			);
			path = Common;
			sourceTree = "<group>";
		};
		B2FAEBF321FD4420001F0D39 /* View */ = {
			isa = PBXGroup;
			children = (
				B2FAEBF421FD4445001F0D39 /* ViewWithBorderRoundCorner.swift */,
				B298C62A21FE4479008CC401 /* ViewController.swift */,
			);
			path = View;
			sourceTree = "<group>";
		};
		B2FAEBF621FD47E3001F0D39 /* Start */ = {
			isa = PBXGroup;
			children = (
				B2FAEBF721FD480B001F0D39 /* View */,
			);
			path = Start;
			sourceTree = "<group>";
		};
		B2FAEBF721FD480B001F0D39 /* View */ = {
			isa = PBXGroup;
			children = (
				B2FAEBFA21FD4854001F0D39 /* StartViewController.swift */,
				B2FAEBF821FD481E001F0D39 /* StartStoryboard.storyboard */,
			);
			path = View;
			sourceTree = "<group>";
		};
		DA5EB5B3B48190C410133CB4 /* Pods */ = {
			isa = PBXGroup;
			children = (
				B0DC965B7971DB8FDC2F70EE /* Pods-jira-work-log.debug.xcconfig */,
				DE02E285D16905FB42B3FCC7 /* Pods-jira-work-log.release.xcconfig */,
			);
			path = Pods;
			sourceTree = "<group>";
		};
/* End PBXGroup section */

/* Begin PBXNativeTarget section */
		B2FAEBA821FD1D5F001F0D39 /* jira-work-log */ = {
			isa = PBXNativeTarget;
			buildConfigurationList = B2FAEBD121FD1D61001F0D39 /* Build configuration list for PBXNativeTarget "jira-work-log" */;
			buildPhases = (
				4750CC81D9580773DB480F47 /* [CP] Check Pods Manifest.lock */,
				B2FAEBED21FD4207001F0D39 /* Run Script R.Swift */,
				B2FAEBA521FD1D5F001F0D39 /* Sources */,
				B2FAEBA621FD1D5F001F0D39 /* Frameworks */,
				B2FAEBA721FD1D5F001F0D39 /* Resources */,
				8FC77D9A17B9C0605B39F966 /* [CP] Embed Pods Frameworks */,
			);
			buildRules = (
			);
			dependencies = (
			);
			name = "jira-work-log";
			productName = "jira-work-log";
			productReference = B2FAEBA921FD1D5F001F0D39 /* jira-work-log.app */;
			productType = "com.apple.product-type.application";
		};
		B2FAEBBC21FD1D61001F0D39 /* jira-work-logTests */ = {
			isa = PBXNativeTarget;
			buildConfigurationList = B2FAEBD421FD1D61001F0D39 /* Build configuration list for PBXNativeTarget "jira-work-logTests" */;
			buildPhases = (
				B2FAEBB921FD1D61001F0D39 /* Sources */,
				B2FAEBBA21FD1D61001F0D39 /* Frameworks */,
				B2FAEBBB21FD1D61001F0D39 /* Resources */,
			);
			buildRules = (
			);
			dependencies = (
				B2FAEBBF21FD1D61001F0D39 /* PBXTargetDependency */,
			);
			name = "jira-work-logTests";
			productName = "jira-work-logTests";
			productReference = B2FAEBBD21FD1D61001F0D39 /* jira-work-logTests.xctest */;
			productType = "com.apple.product-type.bundle.unit-test";
		};
		B2FAEBC721FD1D61001F0D39 /* jira-work-logUITests */ = {
			isa = PBXNativeTarget;
			buildConfigurationList = B2FAEBD721FD1D61001F0D39 /* Build configuration list for PBXNativeTarget "jira-work-logUITests" */;
			buildPhases = (
				B2FAEBC421FD1D61001F0D39 /* Sources */,
				B2FAEBC521FD1D61001F0D39 /* Frameworks */,
				B2FAEBC621FD1D61001F0D39 /* Resources */,
			);
			buildRules = (
			);
			dependencies = (
				B2FAEBCA21FD1D61001F0D39 /* PBXTargetDependency */,
			);
			name = "jira-work-logUITests";
			productName = "jira-work-logUITests";
			productReference = B2FAEBC821FD1D61001F0D39 /* jira-work-logUITests.xctest */;
			productType = "com.apple.product-type.bundle.ui-testing";
		};
/* End PBXNativeTarget section */

/* Begin PBXProject section */
		B2FAEBA121FD1D5F001F0D39 /* Project object */ = {
			isa = PBXProject;
			attributes = {
				LastSwiftUpdateCheck = 1010;
				LastUpgradeCheck = 1010;
				ORGANIZATIONNAME = "Fernando Luna";
				TargetAttributes = {
					B2FAEBA821FD1D5F001F0D39 = {
						CreatedOnToolsVersion = 10.1;
					};
					B2FAEBBC21FD1D61001F0D39 = {
						CreatedOnToolsVersion = 10.1;
						TestTargetID = B2FAEBA821FD1D5F001F0D39;
					};
					B2FAEBC721FD1D61001F0D39 = {
						CreatedOnToolsVersion = 10.1;
						TestTargetID = B2FAEBA821FD1D5F001F0D39;
					};
				};
			};
			buildConfigurationList = B2FAEBA421FD1D5F001F0D39 /* Build configuration list for PBXProject "jira-work-log" */;
			compatibilityVersion = "Xcode 9.3";
			developmentRegion = en;
			hasScannedForEncodings = 0;
			knownRegions = (
				en,
				Base,
			);
			mainGroup = B2FAEBA021FD1D5F001F0D39;
			productRefGroup = B2FAEBAA21FD1D5F001F0D39 /* Products */;
			projectDirPath = "";
			projectRoot = "";
			targets = (
				B2FAEBA821FD1D5F001F0D39 /* jira-work-log */,
				B2FAEBBC21FD1D61001F0D39 /* jira-work-logTests */,
				B2FAEBC721FD1D61001F0D39 /* jira-work-logUITests */,
			);
		};
/* End PBXProject section */

/* Begin PBXResourcesBuildPhase section */
		B2FAEBA721FD1D5F001F0D39 /* Resources */ = {
			isa = PBXResourcesBuildPhase;
			buildActionMask = 2147483647;
			files = (
				B2FAEBB721FD1D61001F0D39 /* LaunchScreen.storyboard in Resources */,
				B298C63521FE6B17008CC401 /* ProjectTableViewCell.xib in Resources */,
				B2FAEBB421FD1D61001F0D39 /* Assets.xcassets in Resources */,
				B2FAEBF921FD481E001F0D39 /* StartStoryboard.storyboard in Resources */,
				B2FAEBE321FD2F3B001F0D39 /* LoginStoryboard.storyboard in Resources */,
				B298C62F21FE69CB008CC401 /* ListProjectsStoryboard.storyboard in Resources */,
			);
			runOnlyForDeploymentPostprocessing = 0;
		};
		B2FAEBBB21FD1D61001F0D39 /* Resources */ = {
			isa = PBXResourcesBuildPhase;
			buildActionMask = 2147483647;
			files = (
			);
			runOnlyForDeploymentPostprocessing = 0;
		};
		B2FAEBC621FD1D61001F0D39 /* Resources */ = {
			isa = PBXResourcesBuildPhase;
			buildActionMask = 2147483647;
			files = (
			);
			runOnlyForDeploymentPostprocessing = 0;
		};
/* End PBXResourcesBuildPhase section */

/* Begin PBXShellScriptBuildPhase section */
		4750CC81D9580773DB480F47 /* [CP] Check Pods Manifest.lock */ = {
			isa = PBXShellScriptBuildPhase;
			buildActionMask = 2147483647;
			files = (
			);
			inputFileListPaths = (
			);
			inputPaths = (
				"${PODS_PODFILE_DIR_PATH}/Podfile.lock",
				"${PODS_ROOT}/Manifest.lock",
			);
			name = "[CP] Check Pods Manifest.lock";
			outputFileListPaths = (
			);
			outputPaths = (
				"$(DERIVED_FILE_DIR)/Pods-jira-work-log-checkManifestLockResult.txt",
			);
			runOnlyForDeploymentPostprocessing = 0;
			shellPath = /bin/sh;
			shellScript = "diff \"${PODS_PODFILE_DIR_PATH}/Podfile.lock\" \"${PODS_ROOT}/Manifest.lock\" > /dev/null\nif [ $? != 0 ] ; then\n    # print error to STDERR\n    echo \"error: The sandbox is not in sync with the Podfile.lock. Run 'pod install' or update your CocoaPods installation.\" >&2\n    exit 1\nfi\n# This output is used by Xcode 'outputs' to avoid re-running this script phase.\necho \"SUCCESS\" > \"${SCRIPT_OUTPUT_FILE_0}\"\n";
			showEnvVarsInLog = 0;
		};
		8FC77D9A17B9C0605B39F966 /* [CP] Embed Pods Frameworks */ = {
			isa = PBXShellScriptBuildPhase;
			buildActionMask = 2147483647;
			files = (
			);
			inputFileListPaths = (
			);
			inputPaths = (
				"${PODS_ROOT}/Target Support Files/Pods-jira-work-log/Pods-jira-work-log-frameworks.sh",
				"${BUILT_PRODUCTS_DIR}/NVActivityIndicatorView/NVActivityIndicatorView.framework",
				"${BUILT_PRODUCTS_DIR}/R.swift.Library/Rswift.framework",
				"${BUILT_PRODUCTS_DIR}/RxAtomic/RxAtomic.framework",
				"${BUILT_PRODUCTS_DIR}/RxCocoa/RxCocoa.framework",
				"${BUILT_PRODUCTS_DIR}/RxSwift/RxSwift.framework",
				"${BUILT_PRODUCTS_DIR}/SCLAlertView/SCLAlertView.framework",
			);
			name = "[CP] Embed Pods Frameworks";
			outputFileListPaths = (
			);
			outputPaths = (
				"${TARGET_BUILD_DIR}/${FRAMEWORKS_FOLDER_PATH}/NVActivityIndicatorView.framework",
				"${TARGET_BUILD_DIR}/${FRAMEWORKS_FOLDER_PATH}/Rswift.framework",
				"${TARGET_BUILD_DIR}/${FRAMEWORKS_FOLDER_PATH}/RxAtomic.framework",
				"${TARGET_BUILD_DIR}/${FRAMEWORKS_FOLDER_PATH}/RxCocoa.framework",
				"${TARGET_BUILD_DIR}/${FRAMEWORKS_FOLDER_PATH}/RxSwift.framework",
				"${TARGET_BUILD_DIR}/${FRAMEWORKS_FOLDER_PATH}/SCLAlertView.framework",
			);
			runOnlyForDeploymentPostprocessing = 0;
			shellPath = /bin/sh;
			shellScript = "\"${PODS_ROOT}/Target Support Files/Pods-jira-work-log/Pods-jira-work-log-frameworks.sh\"\n";
			showEnvVarsInLog = 0;
		};
		B2FAEBED21FD4207001F0D39 /* Run Script R.Swift */ = {
			isa = PBXShellScriptBuildPhase;
			buildActionMask = 2147483647;
			files = (
			);
			inputFileListPaths = (
			);
			inputPaths = (
				"$TEMP_DIR/rswift-lastrun",
			);
			name = "Run Script R.Swift";
			outputFileListPaths = (
			);
			outputPaths = (
				"$SRCROOT/jira-work-log/Resources/R.generated.swift",
			);
			runOnlyForDeploymentPostprocessing = 0;
			shellPath = /bin/sh;
			shellScript = "# Type a script or drag a script file from your workspace to insert its path.\n\"$PODS_ROOT/R.swift/rswift\" generate \"$SRCROOT/jira-work-log/Resources/R.generated.swift\"\n";
		};
/* End PBXShellScriptBuildPhase section */

/* Begin PBXSourcesBuildPhase section */
		B2FAEBA521FD1D5F001F0D39 /* Sources */ = {
			isa = PBXSourcesBuildPhase;
			buildActionMask = 2147483647;
			files = (
				B298C63C21FE6C1D008CC401 /* ListProjectsRouter.swift in Sources */,
				B298C64421FE777C008CC401 /* JIRAProject.swift in Sources */,
				B2FAEBF521FD4445001F0D39 /* ViewWithBorderRoundCorner.swift in Sources */,
				B2FAEBFB21FD4854001F0D39 /* StartViewController.swift in Sources */,
				B2FAEBE521FD3FBD001F0D39 /* LoginViewController.swift in Sources */,
				B298C63421FE6B17008CC401 /* ProjectTableViewCell.swift in Sources */,
				B298C63A21FE6BCE008CC401 /* ListProjectsPresenter.swift in Sources */,
				B2FAEBF121FD4394001F0D39 /* R.generated.swift in Sources */,
				B298C62B21FE4479008CC401 /* ViewController.swift in Sources */,
				B298C63E21FE6C39008CC401 /* ListProjectsInteractor.swift in Sources */,
				B2FAEBEB21FD40D1001F0D39 /* LoginInteractor.swift in Sources */,
				B298C64121FE7514008CC401 /* Router.swift in Sources */,
				B2FAEBAD21FD1D5F001F0D39 /* AppDelegate.swift in Sources */,
				B298C62921FE412F008CC401 /* SimpleResult.swift in Sources */,
				B298C63121FE6A6C008CC401 /* ListProjectsViewController.swift in Sources */,
				B298C62721FE4116008CC401 /* Result.swift in Sources */,
				B2FAEBE021FD2E4A001F0D39 /* LoginRouter.swift in Sources */,
				B2FAEBE821FD403E001F0D39 /* LoginPresenter.swift in Sources */,
			);
			runOnlyForDeploymentPostprocessing = 0;
		};
		B2FAEBB921FD1D61001F0D39 /* Sources */ = {
			isa = PBXSourcesBuildPhase;
			buildActionMask = 2147483647;
			files = (
			);
			runOnlyForDeploymentPostprocessing = 0;
		};
		B2FAEBC421FD1D61001F0D39 /* Sources */ = {
			isa = PBXSourcesBuildPhase;
			buildActionMask = 2147483647;
			files = (
			);
			runOnlyForDeploymentPostprocessing = 0;
		};
/* End PBXSourcesBuildPhase section */

/* Begin PBXTargetDependency section */
		B2FAEBBF21FD1D61001F0D39 /* PBXTargetDependency */ = {
			isa = PBXTargetDependency;
			target = B2FAEBA821FD1D5F001F0D39 /* jira-work-log */;
			targetProxy = B2FAEBBE21FD1D61001F0D39 /* PBXContainerItemProxy */;
		};
		B2FAEBCA21FD1D61001F0D39 /* PBXTargetDependency */ = {
			isa = PBXTargetDependency;
			target = B2FAEBA821FD1D5F001F0D39 /* jira-work-log */;
			targetProxy = B2FAEBC921FD1D61001F0D39 /* PBXContainerItemProxy */;
		};
/* End PBXTargetDependency section */

/* Begin PBXVariantGroup section */
		B2FAEBB521FD1D61001F0D39 /* LaunchScreen.storyboard */ = {
			isa = PBXVariantGroup;
			children = (
				B2FAEBB621FD1D61001F0D39 /* Base */,
			);
			name = LaunchScreen.storyboard;
			sourceTree = "<group>";
		};
/* End PBXVariantGroup section */

/* Begin XCBuildConfiguration section */
		B2FAEBCF21FD1D61001F0D39 /* Debug */ = {
			isa = XCBuildConfiguration;
			buildSettings = {
				ALWAYS_SEARCH_USER_PATHS = NO;
				CLANG_ANALYZER_NONNULL = YES;
				CLANG_ANALYZER_NUMBER_OBJECT_CONVERSION = YES_AGGRESSIVE;
				CLANG_CXX_LANGUAGE_STANDARD = "gnu++14";
				CLANG_CXX_LIBRARY = "libc++";
				CLANG_ENABLE_MODULES = YES;
				CLANG_ENABLE_OBJC_ARC = YES;
				CLANG_ENABLE_OBJC_WEAK = YES;
				CLANG_WARN_BLOCK_CAPTURE_AUTORELEASING = YES;
				CLANG_WARN_BOOL_CONVERSION = YES;
				CLANG_WARN_COMMA = YES;
				CLANG_WARN_CONSTANT_CONVERSION = YES;
				CLANG_WARN_DEPRECATED_OBJC_IMPLEMENTATIONS = YES;
				CLANG_WARN_DIRECT_OBJC_ISA_USAGE = YES_ERROR;
				CLANG_WARN_DOCUMENTATION_COMMENTS = YES;
				CLANG_WARN_EMPTY_BODY = YES;
				CLANG_WARN_ENUM_CONVERSION = YES;
				CLANG_WARN_INFINITE_RECURSION = YES;
				CLANG_WARN_INT_CONVERSION = YES;
				CLANG_WARN_NON_LITERAL_NULL_CONVERSION = YES;
				CLANG_WARN_OBJC_IMPLICIT_RETAIN_SELF = YES;
				CLANG_WARN_OBJC_LITERAL_CONVERSION = YES;
				CLANG_WARN_OBJC_ROOT_CLASS = YES_ERROR;
				CLANG_WARN_RANGE_LOOP_ANALYSIS = YES;
				CLANG_WARN_STRICT_PROTOTYPES = YES;
				CLANG_WARN_SUSPICIOUS_MOVE = YES;
				CLANG_WARN_UNGUARDED_AVAILABILITY = YES_AGGRESSIVE;
				CLANG_WARN_UNREACHABLE_CODE = YES;
				CLANG_WARN__DUPLICATE_METHOD_MATCH = YES;
				CODE_SIGN_IDENTITY = "iPhone Developer";
				COPY_PHASE_STRIP = NO;
				DEBUG_INFORMATION_FORMAT = dwarf;
				ENABLE_STRICT_OBJC_MSGSEND = YES;
				ENABLE_TESTABILITY = YES;
				GCC_C_LANGUAGE_STANDARD = gnu11;
				GCC_DYNAMIC_NO_PIC = NO;
				GCC_NO_COMMON_BLOCKS = YES;
				GCC_OPTIMIZATION_LEVEL = 0;
				GCC_PREPROCESSOR_DEFINITIONS = (
					"DEBUG=1",
					"$(inherited)",
				);
				GCC_WARN_64_TO_32_BIT_CONVERSION = YES;
				GCC_WARN_ABOUT_RETURN_TYPE = YES_ERROR;
				GCC_WARN_UNDECLARED_SELECTOR = YES;
				GCC_WARN_UNINITIALIZED_AUTOS = YES_AGGRESSIVE;
				GCC_WARN_UNUSED_FUNCTION = YES;
				GCC_WARN_UNUSED_VARIABLE = YES;
				IPHONEOS_DEPLOYMENT_TARGET = 12.1;
				MTL_ENABLE_DEBUG_INFO = INCLUDE_SOURCE;
				MTL_FAST_MATH = YES;
				ONLY_ACTIVE_ARCH = YES;
				SDKROOT = iphoneos;
				SWIFT_ACTIVE_COMPILATION_CONDITIONS = DEBUG;
				SWIFT_OPTIMIZATION_LEVEL = "-Onone";
			};
			name = Debug;
		};
		B2FAEBD021FD1D61001F0D39 /* Release */ = {
			isa = XCBuildConfiguration;
			buildSettings = {
				ALWAYS_SEARCH_USER_PATHS = NO;
				CLANG_ANALYZER_NONNULL = YES;
				CLANG_ANALYZER_NUMBER_OBJECT_CONVERSION = YES_AGGRESSIVE;
				CLANG_CXX_LANGUAGE_STANDARD = "gnu++14";
				CLANG_CXX_LIBRARY = "libc++";
				CLANG_ENABLE_MODULES = YES;
				CLANG_ENABLE_OBJC_ARC = YES;
				CLANG_ENABLE_OBJC_WEAK = YES;
				CLANG_WARN_BLOCK_CAPTURE_AUTORELEASING = YES;
				CLANG_WARN_BOOL_CONVERSION = YES;
				CLANG_WARN_COMMA = YES;
				CLANG_WARN_CONSTANT_CONVERSION = YES;
				CLANG_WARN_DEPRECATED_OBJC_IMPLEMENTATIONS = YES;
				CLANG_WARN_DIRECT_OBJC_ISA_USAGE = YES_ERROR;
				CLANG_WARN_DOCUMENTATION_COMMENTS = YES;
				CLANG_WARN_EMPTY_BODY = YES;
				CLANG_WARN_ENUM_CONVERSION = YES;
				CLANG_WARN_INFINITE_RECURSION = YES;
				CLANG_WARN_INT_CONVERSION = YES;
				CLANG_WARN_NON_LITERAL_NULL_CONVERSION = YES;
				CLANG_WARN_OBJC_IMPLICIT_RETAIN_SELF = YES;
				CLANG_WARN_OBJC_LITERAL_CONVERSION = YES;
				CLANG_WARN_OBJC_ROOT_CLASS = YES_ERROR;
				CLANG_WARN_RANGE_LOOP_ANALYSIS = YES;
				CLANG_WARN_STRICT_PROTOTYPES = YES;
				CLANG_WARN_SUSPICIOUS_MOVE = YES;
				CLANG_WARN_UNGUARDED_AVAILABILITY = YES_AGGRESSIVE;
				CLANG_WARN_UNREACHABLE_CODE = YES;
				CLANG_WARN__DUPLICATE_METHOD_MATCH = YES;
				CODE_SIGN_IDENTITY = "iPhone Developer";
				COPY_PHASE_STRIP = NO;
				DEBUG_INFORMATION_FORMAT = "dwarf-with-dsym";
				ENABLE_NS_ASSERTIONS = NO;
				ENABLE_STRICT_OBJC_MSGSEND = YES;
				GCC_C_LANGUAGE_STANDARD = gnu11;
				GCC_NO_COMMON_BLOCKS = YES;
				GCC_WARN_64_TO_32_BIT_CONVERSION = YES;
				GCC_WARN_ABOUT_RETURN_TYPE = YES_ERROR;
				GCC_WARN_UNDECLARED_SELECTOR = YES;
				GCC_WARN_UNINITIALIZED_AUTOS = YES_AGGRESSIVE;
				GCC_WARN_UNUSED_FUNCTION = YES;
				GCC_WARN_UNUSED_VARIABLE = YES;
				IPHONEOS_DEPLOYMENT_TARGET = 12.1;
				MTL_ENABLE_DEBUG_INFO = NO;
				MTL_FAST_MATH = YES;
				SDKROOT = iphoneos;
				SWIFT_COMPILATION_MODE = wholemodule;
				SWIFT_OPTIMIZATION_LEVEL = "-O";
				VALIDATE_PRODUCT = YES;
			};
			name = Release;
		};
		B2FAEBD221FD1D61001F0D39 /* Debug */ = {
			isa = XCBuildConfiguration;
			baseConfigurationReference = B0DC965B7971DB8FDC2F70EE /* Pods-jira-work-log.debug.xcconfig */;
			buildSettings = {
				ASSETCATALOG_COMPILER_APPICON_NAME = AppIcon;
				CODE_SIGN_STYLE = Automatic;
				DEVELOPMENT_TEAM = 6KT99K9W6R;
				INFOPLIST_FILE = "jira-work-log/Info.plist";
				LD_RUNPATH_SEARCH_PATHS = (
					"$(inherited)",
					"@executable_path/Frameworks",
				);
				PRODUCT_BUNDLE_IDENTIFIER = "name.f3rn4nd0.jira-work-log";
				PRODUCT_NAME = "$(TARGET_NAME)";
				SWIFT_VERSION = 4.2;
				TARGETED_DEVICE_FAMILY = "1,2";
			};
			name = Debug;
		};
		B2FAEBD321FD1D61001F0D39 /* Release */ = {
			isa = XCBuildConfiguration;
			baseConfigurationReference = DE02E285D16905FB42B3FCC7 /* Pods-jira-work-log.release.xcconfig */;
			buildSettings = {
				ASSETCATALOG_COMPILER_APPICON_NAME = AppIcon;
				CODE_SIGN_STYLE = Automatic;
				DEVELOPMENT_TEAM = 6KT99K9W6R;
				INFOPLIST_FILE = "jira-work-log/Info.plist";
				LD_RUNPATH_SEARCH_PATHS = (
					"$(inherited)",
					"@executable_path/Frameworks",
				);
				PRODUCT_BUNDLE_IDENTIFIER = "name.f3rn4nd0.jira-work-log";
				PRODUCT_NAME = "$(TARGET_NAME)";
				SWIFT_VERSION = 4.2;
				TARGETED_DEVICE_FAMILY = "1,2";
			};
			name = Release;
		};
		B2FAEBD521FD1D61001F0D39 /* Debug */ = {
			isa = XCBuildConfiguration;
			buildSettings = {
				ALWAYS_EMBED_SWIFT_STANDARD_LIBRARIES = YES;
				BUNDLE_LOADER = "$(TEST_HOST)";
				CODE_SIGN_STYLE = Automatic;
				DEVELOPMENT_TEAM = 6KT99K9W6R;
				INFOPLIST_FILE = "jira-work-logTests/Info.plist";
				LD_RUNPATH_SEARCH_PATHS = (
					"$(inherited)",
					"@executable_path/Frameworks",
					"@loader_path/Frameworks",
				);
				PRODUCT_BUNDLE_IDENTIFIER = "name.f3rn4nd0.jira-work-logTests";
				PRODUCT_NAME = "$(TARGET_NAME)";
				SWIFT_VERSION = 4.2;
				TARGETED_DEVICE_FAMILY = "1,2";
				TEST_HOST = "$(BUILT_PRODUCTS_DIR)/jira-work-log.app/jira-work-log";
			};
			name = Debug;
		};
		B2FAEBD621FD1D61001F0D39 /* Release */ = {
			isa = XCBuildConfiguration;
			buildSettings = {
				ALWAYS_EMBED_SWIFT_STANDARD_LIBRARIES = YES;
				BUNDLE_LOADER = "$(TEST_HOST)";
				CODE_SIGN_STYLE = Automatic;
				DEVELOPMENT_TEAM = 6KT99K9W6R;
				INFOPLIST_FILE = "jira-work-logTests/Info.plist";
				LD_RUNPATH_SEARCH_PATHS = (
					"$(inherited)",
					"@executable_path/Frameworks",
					"@loader_path/Frameworks",
				);
				PRODUCT_BUNDLE_IDENTIFIER = "name.f3rn4nd0.jira-work-logTests";
				PRODUCT_NAME = "$(TARGET_NAME)";
				SWIFT_VERSION = 4.2;
				TARGETED_DEVICE_FAMILY = "1,2";
				TEST_HOST = "$(BUILT_PRODUCTS_DIR)/jira-work-log.app/jira-work-log";
			};
			name = Release;
		};
		B2FAEBD821FD1D61001F0D39 /* Debug */ = {
			isa = XCBuildConfiguration;
			buildSettings = {
				ALWAYS_EMBED_SWIFT_STANDARD_LIBRARIES = YES;
				CODE_SIGN_STYLE = Automatic;
				DEVELOPMENT_TEAM = 6KT99K9W6R;
				INFOPLIST_FILE = "jira-work-logUITests/Info.plist";
				LD_RUNPATH_SEARCH_PATHS = (
					"$(inherited)",
					"@executable_path/Frameworks",
					"@loader_path/Frameworks",
				);
				PRODUCT_BUNDLE_IDENTIFIER = "name.f3rn4nd0.jira-work-logUITests";
				PRODUCT_NAME = "$(TARGET_NAME)";
				SWIFT_VERSION = 4.2;
				TARGETED_DEVICE_FAMILY = "1,2";
				TEST_TARGET_NAME = "jira-work-log";
			};
			name = Debug;
		};
		B2FAEBD921FD1D61001F0D39 /* Release */ = {
			isa = XCBuildConfiguration;
			buildSettings = {
				ALWAYS_EMBED_SWIFT_STANDARD_LIBRARIES = YES;
				CODE_SIGN_STYLE = Automatic;
				DEVELOPMENT_TEAM = 6KT99K9W6R;
				INFOPLIST_FILE = "jira-work-logUITests/Info.plist";
				LD_RUNPATH_SEARCH_PATHS = (
					"$(inherited)",
					"@executable_path/Frameworks",
					"@loader_path/Frameworks",
				);
				PRODUCT_BUNDLE_IDENTIFIER = "name.f3rn4nd0.jira-work-logUITests";
				PRODUCT_NAME = "$(TARGET_NAME)";
				SWIFT_VERSION = 4.2;
				TARGETED_DEVICE_FAMILY = "1,2";
				TEST_TARGET_NAME = "jira-work-log";
			};
			name = Release;
		};
/* End XCBuildConfiguration section */

/* Begin XCConfigurationList section */
		B2FAEBA421FD1D5F001F0D39 /* Build configuration list for PBXProject "jira-work-log" */ = {
			isa = XCConfigurationList;
			buildConfigurations = (
				B2FAEBCF21FD1D61001F0D39 /* Debug */,
				B2FAEBD021FD1D61001F0D39 /* Release */,
			);
			defaultConfigurationIsVisible = 0;
			defaultConfigurationName = Release;
		};
		B2FAEBD121FD1D61001F0D39 /* Build configuration list for PBXNativeTarget "jira-work-log" */ = {
			isa = XCConfigurationList;
			buildConfigurations = (
				B2FAEBD221FD1D61001F0D39 /* Debug */,
				B2FAEBD321FD1D61001F0D39 /* Release */,
			);
			defaultConfigurationIsVisible = 0;
			defaultConfigurationName = Release;
		};
		B2FAEBD421FD1D61001F0D39 /* Build configuration list for PBXNativeTarget "jira-work-logTests" */ = {
			isa = XCConfigurationList;
			buildConfigurations = (
				B2FAEBD521FD1D61001F0D39 /* Debug */,
				B2FAEBD621FD1D61001F0D39 /* Release */,
			);
			defaultConfigurationIsVisible = 0;
			defaultConfigurationName = Release;
		};
		B2FAEBD721FD1D61001F0D39 /* Build configuration list for PBXNativeTarget "jira-work-logUITests" */ = {
			isa = XCConfigurationList;
			buildConfigurations = (
				B2FAEBD821FD1D61001F0D39 /* Debug */,
				B2FAEBD921FD1D61001F0D39 /* Release */,
			);
			defaultConfigurationIsVisible = 0;
			defaultConfigurationName = Release;
		};
/* End XCConfigurationList section */
	};
	rootObject = B2FAEBA121FD1D5F001F0D39 /* Project object */;
}
