// !$*UTF8*$!
{
	archiveVersion = 1;
	classes = {
	};
	objectVersion = 50;
	objects = {

/* Begin PBXBuildFile section */
		155A71ED18FAB4CDBE7FCEFA /* Pods_jira_work_log.framework in Frameworks */ = {isa = PBXBuildFile; fileRef = DDD7674563C636ECA75A8467 /* Pods_jira_work_log.framework */; };
		B21451F222024A56003FB487 /* JIRABurnDownChart.swift in Sources */ = {isa = PBXBuildFile; fileRef = B21451F122024A56003FB487 /* JIRABurnDownChart.swift */; };
		B21451F522024BE2003FB487 /* BurnDownChartInteractor.swift in Sources */ = {isa = PBXBuildFile; fileRef = B21451F422024BE2003FB487 /* BurnDownChartInteractor.swift */; };
		B21451F822024C6F003FB487 /* BurnDownChartStoryboard.storyboard in Resources */ = {isa = PBXBuildFile; fileRef = B21451F722024C6F003FB487 /* BurnDownChartStoryboard.storyboard */; };
		B21451FB220253AA003FB487 /* BurnDownChartPresenter.swift in Sources */ = {isa = PBXBuildFile; fileRef = B21451FA220253AA003FB487 /* BurnDownChartPresenter.swift */; };
		B21451FE220258B8003FB487 /* BurnDownChartViewController.swift in Sources */ = {isa = PBXBuildFile; fileRef = B21451FD220258B8003FB487 /* BurnDownChartViewController.swift */; };
		B2145201220259F3003FB487 /* BurnDownChartRouter.swift in Sources */ = {isa = PBXBuildFile; fileRef = B2145200220259F3003FB487 /* BurnDownChartRouter.swift */; };
		B21452292202774E003FB487 /* JIRAResponseSprint.swift in Sources */ = {isa = PBXBuildFile; fileRef = B214521C2202774E003FB487 /* JIRAResponseSprint.swift */; };
		B214522A2202774E003FB487 /* JIRASprint.swift in Sources */ = {isa = PBXBuildFile; fileRef = B214521D2202774E003FB487 /* JIRASprint.swift */; };
		B214522B2202774E003FB487 /* ListSprintsPresenter.swift in Sources */ = {isa = PBXBuildFile; fileRef = B214521F2202774E003FB487 /* ListSprintsPresenter.swift */; };
		B214522C2202774E003FB487 /* ListSprintsStoryboard.storyboard in Resources */ = {isa = PBXBuildFile; fileRef = B21452212202774E003FB487 /* ListSprintsStoryboard.storyboard */; };
		B214522D2202774E003FB487 /* SprintTableViewCell.swift in Sources */ = {isa = PBXBuildFile; fileRef = B21452222202774E003FB487 /* SprintTableViewCell.swift */; };
		B214522E2202774E003FB487 /* SprintTableViewCell.xib in Resources */ = {isa = PBXBuildFile; fileRef = B21452232202774E003FB487 /* SprintTableViewCell.xib */; };
		B214522F2202774E003FB487 /* ListSprintsViewController.swift in Sources */ = {isa = PBXBuildFile; fileRef = B21452242202774E003FB487 /* ListSprintsViewController.swift */; };
		B21452302202774E003FB487 /* ListSprintsInteractor.swift in Sources */ = {isa = PBXBuildFile; fileRef = B21452262202774E003FB487 /* ListSprintsInteractor.swift */; };
		B21452312202774E003FB487 /* ListSprintsRouter.swift in Sources */ = {isa = PBXBuildFile; fileRef = B21452282202774E003FB487 /* ListSprintsRouter.swift */; };
		B295B890220173CA000859B3 /* HTTPConnection.swift in Sources */ = {isa = PBXBuildFile; fileRef = B295B88F220173CA000859B3 /* HTTPConnection.swift */; };
		B295B8932201743F000859B3 /* Credentials.swift in Sources */ = {isa = PBXBuildFile; fileRef = B295B8922201743F000859B3 /* Credentials.swift */; };
		B298C62721FE4116008CC401 /* Result.swift in Sources */ = {isa = PBXBuildFile; fileRef = B298C62621FE4116008CC401 /* Result.swift */; };
		B298C62921FE412F008CC401 /* SimpleResult.swift in Sources */ = {isa = PBXBuildFile; fileRef = B298C62821FE412F008CC401 /* SimpleResult.swift */; };
		B298C62B21FE4479008CC401 /* ViewController.swift in Sources */ = {isa = PBXBuildFile; fileRef = B298C62A21FE4479008CC401 /* ViewController.swift */; };
		B298C62F21FE69CB008CC401 /* ListProjectsStoryboard.storyboard in Resources */ = {isa = PBXBuildFile; fileRef = B298C62E21FE69CB008CC401 /* ListProjectsStoryboard.storyboard */; };
		B298C63121FE6A6C008CC401 /* ListProjectsViewController.swift in Sources */ = {isa = PBXBuildFile; fileRef = B298C63021FE6A6C008CC401 /* ListProjectsViewController.swift */; };
		B298C63421FE6B17008CC401 /* ProjectTableViewCell.swift in Sources */ = {isa = PBXBuildFile; fileRef = B298C63221FE6B17008CC401 /* ProjectTableViewCell.swift */; };
		B298C63521FE6B17008CC401 /* ProjectTableViewCell.xib in Resources */ = {isa = PBXBuildFile; fileRef = B298C63321FE6B17008CC401 /* ProjectTableViewCell.xib */; };
		B298C63A21FE6BCE008CC401 /* ListProjectsPresenter.swift in Sources */ = {isa = PBXBuildFile; fileRef = B298C63921FE6BCE008CC401 /* ListProjectsPresenter.swift */; };
		B298C63C21FE6C1D008CC401 /* ListProjectsRouter.swift in Sources */ = {isa = PBXBuildFile; fileRef = B298C63B21FE6C1D008CC401 /* ListProjectsRouter.swift */; };
		B298C63E21FE6C39008CC401 /* ListProjectsInteractor.swift in Sources */ = {isa = PBXBuildFile; fileRef = B298C63D21FE6C39008CC401 /* ListProjectsInteractor.swift */; };
		B298C64121FE7514008CC401 /* Router.swift in Sources */ = {isa = PBXBuildFile; fileRef = B298C64021FE7514008CC401 /* Router.swift */; };
		B298C64421FE777C008CC401 /* JIRAProject.swift in Sources */ = {isa = PBXBuildFile; fileRef = B298C64321FE777C008CC401 /* JIRAProject.swift */; };
		B298C64821FE83A0008CC401 /* SettingsStoryboard.storyboard in Resources */ = {isa = PBXBuildFile; fileRef = B298C64721FE83A0008CC401 /* SettingsStoryboard.storyboard */; };
		B298C64A21FE86BE008CC401 /* SettingsViewController.swift in Sources */ = {isa = PBXBuildFile; fileRef = B298C64921FE86BE008CC401 /* SettingsViewController.swift */; };
		B298C64E21FE87E1008CC401 /* SettingsPresenter.swift in Sources */ = {isa = PBXBuildFile; fileRef = B298C64D21FE87E1008CC401 /* SettingsPresenter.swift */; };
		B298C65021FE88B0008CC401 /* SettingsRouter.swift in Sources */ = {isa = PBXBuildFile; fileRef = B298C64F21FE88B0008CC401 /* SettingsRouter.swift */; };
		B298C65321FE9086008CC401 /* Settings.swift in Sources */ = {isa = PBXBuildFile; fileRef = B298C65221FE9086008CC401 /* Settings.swift */; };
		B298C65721FE9676008CC401 /* JIRAVersion.swift in Sources */ = {isa = PBXBuildFile; fileRef = B298C65621FE9676008CC401 /* JIRAVersion.swift */; };
		B298C66321FEA5CF008CC401 /* ListVersionsPresenter.swift in Sources */ = {isa = PBXBuildFile; fileRef = B298C65921FEA5CE008CC401 /* ListVersionsPresenter.swift */; };
		B298C66621FEA5CF008CC401 /* ListVertionsViewController.swift in Sources */ = {isa = PBXBuildFile; fileRef = B298C65D21FEA5CE008CC401 /* ListVertionsViewController.swift */; };
		B298C66821FEA5CF008CC401 /* ListVersionsInteractor.swift in Sources */ = {isa = PBXBuildFile; fileRef = B298C66021FEA5CE008CC401 /* ListVersionsInteractor.swift */; };
		B298C66921FEA5CF008CC401 /* ListVersionsRouter.swift in Sources */ = {isa = PBXBuildFile; fileRef = B298C66221FEA5CF008CC401 /* ListVersionsRouter.swift */; };
		B298C66C21FEACB9008CC401 /* VersionTableViewCell.swift in Sources */ = {isa = PBXBuildFile; fileRef = B298C66A21FEACB9008CC401 /* VersionTableViewCell.swift */; };
		B298C66D21FEACB9008CC401 /* VersionTableViewCell.xib in Resources */ = {isa = PBXBuildFile; fileRef = B298C66B21FEACB9008CC401 /* VersionTableViewCell.xib */; };
		B298C66F21FEACD7008CC401 /* ListVertionsStoryboard.storyboard in Resources */ = {isa = PBXBuildFile; fileRef = B298C66E21FEACD7008CC401 /* ListVertionsStoryboard.storyboard */; };
		B298C67E21FEB688008CC401 /* JIRABoard.swift in Sources */ = {isa = PBXBuildFile; fileRef = B298C67221FEB688008CC401 /* JIRABoard.swift */; };
		B298C67F21FEB688008CC401 /* ListBoardsPresenter.swift in Sources */ = {isa = PBXBuildFile; fileRef = B298C67421FEB688008CC401 /* ListBoardsPresenter.swift */; };
		B298C68021FEB688008CC401 /* ListBoardsStoryboard.storyboard in Resources */ = {isa = PBXBuildFile; fileRef = B298C67621FEB688008CC401 /* ListBoardsStoryboard.storyboard */; };
		B298C68121FEB688008CC401 /* BoardTableViewCell.swift in Sources */ = {isa = PBXBuildFile; fileRef = B298C67721FEB688008CC401 /* BoardTableViewCell.swift */; };
		B298C68221FEB688008CC401 /* BoardTableViewCell.xib in Resources */ = {isa = PBXBuildFile; fileRef = B298C67821FEB688008CC401 /* BoardTableViewCell.xib */; };
		B298C68321FEB688008CC401 /* ListBoardsViewController.swift in Sources */ = {isa = PBXBuildFile; fileRef = B298C67921FEB688008CC401 /* ListBoardsViewController.swift */; };
		B298C68421FEB688008CC401 /* ListBoardsInteractor.swift in Sources */ = {isa = PBXBuildFile; fileRef = B298C67B21FEB688008CC401 /* ListBoardsInteractor.swift */; };
		B298C68521FEB688008CC401 /* ListBoardsRouter.swift in Sources */ = {isa = PBXBuildFile; fileRef = B298C67D21FEB688008CC401 /* ListBoardsRouter.swift */; };
		B298C68721FEBC1E008CC401 /* JIRAResponseBoard.swift in Sources */ = {isa = PBXBuildFile; fileRef = B298C68621FEBC1E008CC401 /* JIRAResponseBoard.swift */; };
		B298C68B21FEC2B1008CC401 /* BoardStoryboard.storyboard in Resources */ = {isa = PBXBuildFile; fileRef = B298C68A21FEC2B1008CC401 /* BoardStoryboard.storyboard */; };
		B298C68D21FEC395008CC401 /* BoardViewController.swift in Sources */ = {isa = PBXBuildFile; fileRef = B298C68C21FEC395008CC401 /* BoardViewController.swift */; };
		B298C69121FEC3CD008CC401 /* IssueTableViewCell.swift in Sources */ = {isa = PBXBuildFile; fileRef = B298C68F21FEC3CD008CC401 /* IssueTableViewCell.swift */; };
		B298C69221FEC3CD008CC401 /* IssueTableViewCell.xib in Resources */ = {isa = PBXBuildFile; fileRef = B298C69021FEC3CD008CC401 /* IssueTableViewCell.xib */; };
		B298C69421FEC3E5008CC401 /* BoardRouter.swift in Sources */ = {isa = PBXBuildFile; fileRef = B298C69321FEC3E5008CC401 /* BoardRouter.swift */; };
		B298C69721FEC52C008CC401 /* BoardPresenter.swift in Sources */ = {isa = PBXBuildFile; fileRef = B298C69621FEC52C008CC401 /* BoardPresenter.swift */; };
		B298C69A21FEC562008CC401 /* BoardInteractor.swift in Sources */ = {isa = PBXBuildFile; fileRef = B298C69921FEC562008CC401 /* BoardInteractor.swift */; };
		B298C69D21FEC698008CC401 /* JIRAIssue.swift in Sources */ = {isa = PBXBuildFile; fileRef = B298C69C21FEC698008CC401 /* JIRAIssue.swift */; };
		B298C69F21FEC6BE008CC401 /* JIRAResponseIssuesBoard.swift in Sources */ = {isa = PBXBuildFile; fileRef = B298C69E21FEC6BE008CC401 /* JIRAResponseIssuesBoard.swift */; };
		B298C6A121FEC95C008CC401 /* JIRAIssueFields.swift in Sources */ = {isa = PBXBuildFile; fileRef = B298C6A021FEC95C008CC401 /* JIRAIssueFields.swift */; };
		B298C6A321FEC98E008CC401 /* JIRATimetracking.swift in Sources */ = {isa = PBXBuildFile; fileRef = B298C6A221FEC98E008CC401 /* JIRATimetracking.swift */; };
		B298C6A921FED680008CC401 /* MenuViewController.swift in Sources */ = {isa = PBXBuildFile; fileRef = B298C6A821FED680008CC401 /* MenuViewController.swift */; };
		B298C6AB21FF5AA7008CC401 /* JIRAIssuetype.swift in Sources */ = {isa = PBXBuildFile; fileRef = B298C6AA21FF5AA7008CC401 /* JIRAIssuetype.swift */; };
		B298C6AD21FF7A96008CC401 /* JIRAIssueTypeName.swift in Sources */ = {isa = PBXBuildFile; fileRef = B298C6AC21FF7A96008CC401 /* JIRAIssueTypeName.swift */; };
		B2A5066E21FFFDE800B0211A /* JIRAIssueTypeName+Icon.swift in Sources */ = {isa = PBXBuildFile; fileRef = B2A5066D21FFFDE800B0211A /* JIRAIssueTypeName+Icon.swift */; };
		B2A506702200026500B0211A /* JIRATimeTracking+Alert.swift in Sources */ = {isa = PBXBuildFile; fileRef = B2A5066F2200026500B0211A /* JIRATimeTracking+Alert.swift */; };
		B2A506742200072B00B0211A /* IssueStoryboard.storyboard in Resources */ = {isa = PBXBuildFile; fileRef = B2A506732200072B00B0211A /* IssueStoryboard.storyboard */; };
		B2A5067622000AE300B0211A /* IssueViewController.swift in Sources */ = {isa = PBXBuildFile; fileRef = B2A5067522000AE300B0211A /* IssueViewController.swift */; };
		B2A5067922001C5B00B0211A /* IssueRouter.swift in Sources */ = {isa = PBXBuildFile; fileRef = B2A5067822001C5B00B0211A /* IssueRouter.swift */; };
		B2A5067C22001CD400B0211A /* IssuePresenter.swift in Sources */ = {isa = PBXBuildFile; fileRef = B2A5067B22001CD400B0211A /* IssuePresenter.swift */; };
		B2A5067F22001CF200B0211A /* IssueInteractor.swift in Sources */ = {isa = PBXBuildFile; fileRef = B2A5067E22001CF200B0211A /* IssueInteractor.swift */; };
		B2A506822200236700B0211A /* SettingsInteractor.swift in Sources */ = {isa = PBXBuildFile; fileRef = B2A506812200236700B0211A /* SettingsInteractor.swift */; };
		B2A5068822009F6F00B0211A /* JIRAResponseSession.swift in Sources */ = {isa = PBXBuildFile; fileRef = B2A5068722009F6F00B0211A /* JIRAResponseSession.swift */; };
		B2A5068A22009F8600B0211A /* JIRASession.swift in Sources */ = {isa = PBXBuildFile; fileRef = B2A5068922009F8600B0211A /* JIRASession.swift */; };
		B2FAEBAD21FD1D5F001F0D39 /* AppDelegate.swift in Sources */ = {isa = PBXBuildFile; fileRef = B2FAEBAC21FD1D5F001F0D39 /* AppDelegate.swift */; };
		B2FAEBB421FD1D61001F0D39 /* Assets.xcassets in Resources */ = {isa = PBXBuildFile; fileRef = B2FAEBB321FD1D61001F0D39 /* Assets.xcassets */; };
		B2FAEBB721FD1D61001F0D39 /* LaunchScreen.storyboard in Resources */ = {isa = PBXBuildFile; fileRef = B2FAEBB521FD1D61001F0D39 /* LaunchScreen.storyboard */; };
		B2FAEBE021FD2E4A001F0D39 /* LoginRouter.swift in Sources */ = {isa = PBXBuildFile; fileRef = B2FAEBDF21FD2E4A001F0D39 /* LoginRouter.swift */; };
		B2FAEBE321FD2F3B001F0D39 /* LoginStoryboard.storyboard in Resources */ = {isa = PBXBuildFile; fileRef = B2FAEBE221FD2F3B001F0D39 /* LoginStoryboard.storyboard */; };
		B2FAEBE521FD3FBD001F0D39 /* LoginViewController.swift in Sources */ = {isa = PBXBuildFile; fileRef = B2FAEBE421FD3FBD001F0D39 /* LoginViewController.swift */; };
		B2FAEBE821FD403E001F0D39 /* LoginPresenter.swift in Sources */ = {isa = PBXBuildFile; fileRef = B2FAEBE721FD403E001F0D39 /* LoginPresenter.swift */; };
		B2FAEBEB21FD40D1001F0D39 /* LoginInteractor.swift in Sources */ = {isa = PBXBuildFile; fileRef = B2FAEBEA21FD40D1001F0D39 /* LoginInteractor.swift */; };
		B2FAEBF121FD4394001F0D39 /* R.generated.swift in Sources */ = {isa = PBXBuildFile; fileRef = B2FAEBF021FD4394001F0D39 /* R.generated.swift */; };
		B2FAEBF521FD4445001F0D39 /* ViewWithBorderRoundCorner.swift in Sources */ = {isa = PBXBuildFile; fileRef = B2FAEBF421FD4445001F0D39 /* ViewWithBorderRoundCorner.swift */; };
		B2FAEBF921FD481E001F0D39 /* StartStoryboard.storyboard in Resources */ = {isa = PBXBuildFile; fileRef = B2FAEBF821FD481E001F0D39 /* StartStoryboard.storyboard */; };
		B2FAEBFB21FD4854001F0D39 /* StartViewController.swift in Sources */ = {isa = PBXBuildFile; fileRef = B2FAEBFA21FD4854001F0D39 /* StartViewController.swift */; };
/* End PBXBuildFile section */

/* Begin PBXFileReference section */
		1A729DA88897273A886BF8F7 /* Pods_jira_work_logTests.framework */ = {isa = PBXFileReference; explicitFileType = wrapper.framework; includeInIndex = 0; path = Pods_jira_work_logTests.framework; sourceTree = BUILT_PRODUCTS_DIR; };
		B0DC965B7971DB8FDC2F70EE /* Pods-jira-work-log.debug.xcconfig */ = {isa = PBXFileReference; includeInIndex = 1; lastKnownFileType = text.xcconfig; name = "Pods-jira-work-log.debug.xcconfig"; path = "Target Support Files/Pods-jira-work-log/Pods-jira-work-log.debug.xcconfig"; sourceTree = "<group>"; };
		B21451F122024A56003FB487 /* JIRABurnDownChart.swift */ = {isa = PBXFileReference; lastKnownFileType = sourcecode.swift; path = JIRABurnDownChart.swift; sourceTree = "<group>"; };
		B21451F422024BE2003FB487 /* BurnDownChartInteractor.swift */ = {isa = PBXFileReference; lastKnownFileType = sourcecode.swift; path = BurnDownChartInteractor.swift; sourceTree = "<group>"; };
		B21451F722024C6F003FB487 /* BurnDownChartStoryboard.storyboard */ = {isa = PBXFileReference; lastKnownFileType = file.storyboard; path = BurnDownChartStoryboard.storyboard; sourceTree = "<group>"; };
		B21451FA220253AA003FB487 /* BurnDownChartPresenter.swift */ = {isa = PBXFileReference; lastKnownFileType = sourcecode.swift; path = BurnDownChartPresenter.swift; sourceTree = "<group>"; };
		B21451FD220258B8003FB487 /* BurnDownChartViewController.swift */ = {isa = PBXFileReference; lastKnownFileType = sourcecode.swift; path = BurnDownChartViewController.swift; sourceTree = "<group>"; };
		B2145200220259F3003FB487 /* BurnDownChartRouter.swift */ = {isa = PBXFileReference; lastKnownFileType = sourcecode.swift; path = BurnDownChartRouter.swift; sourceTree = "<group>"; };
		B214521C2202774E003FB487 /* JIRAResponseSprint.swift */ = {isa = PBXFileReference; fileEncoding = 4; lastKnownFileType = sourcecode.swift; path = JIRAResponseSprint.swift; sourceTree = "<group>"; };
		B214521D2202774E003FB487 /* JIRASprint.swift */ = {isa = PBXFileReference; fileEncoding = 4; lastKnownFileType = sourcecode.swift; path = JIRASprint.swift; sourceTree = "<group>"; };
		B214521F2202774E003FB487 /* ListSprintsPresenter.swift */ = {isa = PBXFileReference; fileEncoding = 4; lastKnownFileType = sourcecode.swift; path = ListSprintsPresenter.swift; sourceTree = "<group>"; };
		B21452212202774E003FB487 /* ListSprintsStoryboard.storyboard */ = {isa = PBXFileReference; fileEncoding = 4; lastKnownFileType = file.storyboard; path = ListSprintsStoryboard.storyboard; sourceTree = "<group>"; };
		B21452222202774E003FB487 /* SprintTableViewCell.swift */ = {isa = PBXFileReference; fileEncoding = 4; lastKnownFileType = sourcecode.swift; path = SprintTableViewCell.swift; sourceTree = "<group>"; };
		B21452232202774E003FB487 /* SprintTableViewCell.xib */ = {isa = PBXFileReference; fileEncoding = 4; lastKnownFileType = file.xib; path = SprintTableViewCell.xib; sourceTree = "<group>"; };
		B21452242202774E003FB487 /* ListSprintsViewController.swift */ = {isa = PBXFileReference; fileEncoding = 4; lastKnownFileType = sourcecode.swift; path = ListSprintsViewController.swift; sourceTree = "<group>"; };
		B21452262202774E003FB487 /* ListSprintsInteractor.swift */ = {isa = PBXFileReference; fileEncoding = 4; lastKnownFileType = sourcecode.swift; path = ListSprintsInteractor.swift; sourceTree = "<group>"; };
		B21452282202774E003FB487 /* ListSprintsRouter.swift */ = {isa = PBXFileReference; fileEncoding = 4; lastKnownFileType = sourcecode.swift; path = ListSprintsRouter.swift; sourceTree = "<group>"; };
		B295B88F220173CA000859B3 /* HTTPConnection.swift */ = {isa = PBXFileReference; lastKnownFileType = sourcecode.swift; path = HTTPConnection.swift; sourceTree = "<group>"; };
		B295B8922201743F000859B3 /* Credentials.swift */ = {isa = PBXFileReference; lastKnownFileType = sourcecode.swift; path = Credentials.swift; sourceTree = "<group>"; };
		B298C62621FE4116008CC401 /* Result.swift */ = {isa = PBXFileReference; lastKnownFileType = sourcecode.swift; path = Result.swift; sourceTree = "<group>"; };
		B298C62821FE412F008CC401 /* SimpleResult.swift */ = {isa = PBXFileReference; lastKnownFileType = sourcecode.swift; path = SimpleResult.swift; sourceTree = "<group>"; };
		B298C62A21FE4479008CC401 /* ViewController.swift */ = {isa = PBXFileReference; lastKnownFileType = sourcecode.swift; path = ViewController.swift; sourceTree = "<group>"; };
		B298C62E21FE69CB008CC401 /* ListProjectsStoryboard.storyboard */ = {isa = PBXFileReference; lastKnownFileType = file.storyboard; path = ListProjectsStoryboard.storyboard; sourceTree = "<group>"; };
		B298C63021FE6A6C008CC401 /* ListProjectsViewController.swift */ = {isa = PBXFileReference; lastKnownFileType = sourcecode.swift; path = ListProjectsViewController.swift; sourceTree = "<group>"; };
		B298C63221FE6B17008CC401 /* ProjectTableViewCell.swift */ = {isa = PBXFileReference; lastKnownFileType = sourcecode.swift; path = ProjectTableViewCell.swift; sourceTree = "<group>"; };
		B298C63321FE6B17008CC401 /* ProjectTableViewCell.xib */ = {isa = PBXFileReference; lastKnownFileType = file.xib; path = ProjectTableViewCell.xib; sourceTree = "<group>"; };
		B298C63921FE6BCE008CC401 /* ListProjectsPresenter.swift */ = {isa = PBXFileReference; lastKnownFileType = sourcecode.swift; path = ListProjectsPresenter.swift; sourceTree = "<group>"; };
		B298C63B21FE6C1D008CC401 /* ListProjectsRouter.swift */ = {isa = PBXFileReference; lastKnownFileType = sourcecode.swift; path = ListProjectsRouter.swift; sourceTree = "<group>"; };
		B298C63D21FE6C39008CC401 /* ListProjectsInteractor.swift */ = {isa = PBXFileReference; lastKnownFileType = sourcecode.swift; path = ListProjectsInteractor.swift; sourceTree = "<group>"; };
		B298C64021FE7514008CC401 /* Router.swift */ = {isa = PBXFileReference; lastKnownFileType = sourcecode.swift; path = Router.swift; sourceTree = "<group>"; };
		B298C64321FE777C008CC401 /* JIRAProject.swift */ = {isa = PBXFileReference; lastKnownFileType = sourcecode.swift; path = JIRAProject.swift; sourceTree = "<group>"; };
		B298C64721FE83A0008CC401 /* SettingsStoryboard.storyboard */ = {isa = PBXFileReference; lastKnownFileType = file.storyboard; path = SettingsStoryboard.storyboard; sourceTree = "<group>"; };
		B298C64921FE86BE008CC401 /* SettingsViewController.swift */ = {isa = PBXFileReference; lastKnownFileType = sourcecode.swift; path = SettingsViewController.swift; sourceTree = "<group>"; };
		B298C64D21FE87E1008CC401 /* SettingsPresenter.swift */ = {isa = PBXFileReference; lastKnownFileType = sourcecode.swift; path = SettingsPresenter.swift; sourceTree = "<group>"; };
		B298C64F21FE88B0008CC401 /* SettingsRouter.swift */ = {isa = PBXFileReference; lastKnownFileType = sourcecode.swift; path = SettingsRouter.swift; sourceTree = "<group>"; };
		B298C65221FE9086008CC401 /* Settings.swift */ = {isa = PBXFileReference; lastKnownFileType = sourcecode.swift; path = Settings.swift; sourceTree = "<group>"; };
		B298C65621FE9676008CC401 /* JIRAVersion.swift */ = {isa = PBXFileReference; lastKnownFileType = sourcecode.swift; path = JIRAVersion.swift; sourceTree = "<group>"; };
		B298C65921FEA5CE008CC401 /* ListVersionsPresenter.swift */ = {isa = PBXFileReference; fileEncoding = 4; lastKnownFileType = sourcecode.swift; path = ListVersionsPresenter.swift; sourceTree = "<group>"; };
		B298C65D21FEA5CE008CC401 /* ListVertionsViewController.swift */ = {isa = PBXFileReference; fileEncoding = 4; lastKnownFileType = sourcecode.swift; path = ListVertionsViewController.swift; sourceTree = "<group>"; };
		B298C66021FEA5CE008CC401 /* ListVersionsInteractor.swift */ = {isa = PBXFileReference; fileEncoding = 4; lastKnownFileType = sourcecode.swift; path = ListVersionsInteractor.swift; sourceTree = "<group>"; };
		B298C66221FEA5CF008CC401 /* ListVersionsRouter.swift */ = {isa = PBXFileReference; fileEncoding = 4; lastKnownFileType = sourcecode.swift; path = ListVersionsRouter.swift; sourceTree = "<group>"; };
		B298C66A21FEACB9008CC401 /* VersionTableViewCell.swift */ = {isa = PBXFileReference; lastKnownFileType = sourcecode.swift; path = VersionTableViewCell.swift; sourceTree = "<group>"; };
		B298C66B21FEACB9008CC401 /* VersionTableViewCell.xib */ = {isa = PBXFileReference; lastKnownFileType = file.xib; path = VersionTableViewCell.xib; sourceTree = "<group>"; };
		B298C66E21FEACD7008CC401 /* ListVertionsStoryboard.storyboard */ = {isa = PBXFileReference; lastKnownFileType = file.storyboard; path = ListVertionsStoryboard.storyboard; sourceTree = "<group>"; };
		B298C67221FEB688008CC401 /* JIRABoard.swift */ = {isa = PBXFileReference; fileEncoding = 4; lastKnownFileType = sourcecode.swift; path = JIRABoard.swift; sourceTree = "<group>"; };
		B298C67421FEB688008CC401 /* ListBoardsPresenter.swift */ = {isa = PBXFileReference; fileEncoding = 4; lastKnownFileType = sourcecode.swift; path = ListBoardsPresenter.swift; sourceTree = "<group>"; };
		B298C67621FEB688008CC401 /* ListBoardsStoryboard.storyboard */ = {isa = PBXFileReference; fileEncoding = 4; lastKnownFileType = file.storyboard; path = ListBoardsStoryboard.storyboard; sourceTree = "<group>"; };
		B298C67721FEB688008CC401 /* BoardTableViewCell.swift */ = {isa = PBXFileReference; fileEncoding = 4; lastKnownFileType = sourcecode.swift; path = BoardTableViewCell.swift; sourceTree = "<group>"; };
		B298C67821FEB688008CC401 /* BoardTableViewCell.xib */ = {isa = PBXFileReference; fileEncoding = 4; lastKnownFileType = file.xib; path = BoardTableViewCell.xib; sourceTree = "<group>"; };
		B298C67921FEB688008CC401 /* ListBoardsViewController.swift */ = {isa = PBXFileReference; fileEncoding = 4; lastKnownFileType = sourcecode.swift; path = ListBoardsViewController.swift; sourceTree = "<group>"; };
		B298C67B21FEB688008CC401 /* ListBoardsInteractor.swift */ = {isa = PBXFileReference; fileEncoding = 4; lastKnownFileType = sourcecode.swift; path = ListBoardsInteractor.swift; sourceTree = "<group>"; };
		B298C67D21FEB688008CC401 /* ListBoardsRouter.swift */ = {isa = PBXFileReference; fileEncoding = 4; lastKnownFileType = sourcecode.swift; path = ListBoardsRouter.swift; sourceTree = "<group>"; };
		B298C68621FEBC1E008CC401 /* JIRAResponseBoard.swift */ = {isa = PBXFileReference; lastKnownFileType = sourcecode.swift; path = JIRAResponseBoard.swift; sourceTree = "<group>"; };
		B298C68A21FEC2B1008CC401 /* BoardStoryboard.storyboard */ = {isa = PBXFileReference; lastKnownFileType = file.storyboard; path = BoardStoryboard.storyboard; sourceTree = "<group>"; };
		B298C68C21FEC395008CC401 /* BoardViewController.swift */ = {isa = PBXFileReference; lastKnownFileType = sourcecode.swift; path = BoardViewController.swift; sourceTree = "<group>"; };
		B298C68F21FEC3CD008CC401 /* IssueTableViewCell.swift */ = {isa = PBXFileReference; lastKnownFileType = sourcecode.swift; path = IssueTableViewCell.swift; sourceTree = "<group>"; };
		B298C69021FEC3CD008CC401 /* IssueTableViewCell.xib */ = {isa = PBXFileReference; lastKnownFileType = file.xib; path = IssueTableViewCell.xib; sourceTree = "<group>"; };
		B298C69321FEC3E5008CC401 /* BoardRouter.swift */ = {isa = PBXFileReference; lastKnownFileType = sourcecode.swift; path = BoardRouter.swift; sourceTree = "<group>"; };
		B298C69621FEC52C008CC401 /* BoardPresenter.swift */ = {isa = PBXFileReference; lastKnownFileType = sourcecode.swift; path = BoardPresenter.swift; sourceTree = "<group>"; };
		B298C69921FEC562008CC401 /* BoardInteractor.swift */ = {isa = PBXFileReference; lastKnownFileType = sourcecode.swift; path = BoardInteractor.swift; sourceTree = "<group>"; };
		B298C69C21FEC698008CC401 /* JIRAIssue.swift */ = {isa = PBXFileReference; lastKnownFileType = sourcecode.swift; path = JIRAIssue.swift; sourceTree = "<group>"; };
		B298C69E21FEC6BE008CC401 /* JIRAResponseIssuesBoard.swift */ = {isa = PBXFileReference; lastKnownFileType = sourcecode.swift; path = JIRAResponseIssuesBoard.swift; sourceTree = "<group>"; };
		B298C6A021FEC95C008CC401 /* JIRAIssueFields.swift */ = {isa = PBXFileReference; lastKnownFileType = sourcecode.swift; path = JIRAIssueFields.swift; sourceTree = "<group>"; };
		B298C6A221FEC98E008CC401 /* JIRATimetracking.swift */ = {isa = PBXFileReference; lastKnownFileType = sourcecode.swift; path = JIRATimetracking.swift; sourceTree = "<group>"; };
		B298C6A821FED680008CC401 /* MenuViewController.swift */ = {isa = PBXFileReference; lastKnownFileType = sourcecode.swift; path = MenuViewController.swift; sourceTree = "<group>"; };
		B298C6AA21FF5AA7008CC401 /* JIRAIssuetype.swift */ = {isa = PBXFileReference; lastKnownFileType = sourcecode.swift; path = JIRAIssuetype.swift; sourceTree = "<group>"; };
		B298C6AC21FF7A96008CC401 /* JIRAIssueTypeName.swift */ = {isa = PBXFileReference; lastKnownFileType = sourcecode.swift; path = JIRAIssueTypeName.swift; sourceTree = "<group>"; };
		B2A5066D21FFFDE800B0211A /* JIRAIssueTypeName+Icon.swift */ = {isa = PBXFileReference; lastKnownFileType = sourcecode.swift; path = "JIRAIssueTypeName+Icon.swift"; sourceTree = "<group>"; };
		B2A5066F2200026500B0211A /* JIRATimeTracking+Alert.swift */ = {isa = PBXFileReference; lastKnownFileType = sourcecode.swift; path = "JIRATimeTracking+Alert.swift"; sourceTree = "<group>"; };
		B2A506732200072B00B0211A /* IssueStoryboard.storyboard */ = {isa = PBXFileReference; lastKnownFileType = file.storyboard; path = IssueStoryboard.storyboard; sourceTree = "<group>"; };
		B2A5067522000AE300B0211A /* IssueViewController.swift */ = {isa = PBXFileReference; lastKnownFileType = sourcecode.swift; path = IssueViewController.swift; sourceTree = "<group>"; };
		B2A5067822001C5B00B0211A /* IssueRouter.swift */ = {isa = PBXFileReference; lastKnownFileType = sourcecode.swift; path = IssueRouter.swift; sourceTree = "<group>"; };
		B2A5067B22001CD400B0211A /* IssuePresenter.swift */ = {isa = PBXFileReference; lastKnownFileType = sourcecode.swift; path = IssuePresenter.swift; sourceTree = "<group>"; };
		B2A5067E22001CF200B0211A /* IssueInteractor.swift */ = {isa = PBXFileReference; lastKnownFileType = sourcecode.swift; path = IssueInteractor.swift; sourceTree = "<group>"; };
		B2A506812200236700B0211A /* SettingsInteractor.swift */ = {isa = PBXFileReference; lastKnownFileType = sourcecode.swift; path = SettingsInteractor.swift; sourceTree = "<group>"; };
		B2A5068722009F6F00B0211A /* JIRAResponseSession.swift */ = {isa = PBXFileReference; lastKnownFileType = sourcecode.swift; path = JIRAResponseSession.swift; sourceTree = "<group>"; };
		B2A5068922009F8600B0211A /* JIRASession.swift */ = {isa = PBXFileReference; lastKnownFileType = sourcecode.swift; path = JIRASession.swift; sourceTree = "<group>"; };
		B2FAEBA921FD1D5F001F0D39 /* jira-work-log.app */ = {isa = PBXFileReference; explicitFileType = wrapper.application; includeInIndex = 0; path = "jira-work-log.app"; sourceTree = BUILT_PRODUCTS_DIR; };
		B2FAEBAC21FD1D5F001F0D39 /* AppDelegate.swift */ = {isa = PBXFileReference; lastKnownFileType = sourcecode.swift; path = AppDelegate.swift; sourceTree = "<group>"; };
		B2FAEBB321FD1D61001F0D39 /* Assets.xcassets */ = {isa = PBXFileReference; lastKnownFileType = folder.assetcatalog; path = Assets.xcassets; sourceTree = "<group>"; };
		B2FAEBB621FD1D61001F0D39 /* Base */ = {isa = PBXFileReference; lastKnownFileType = file.storyboard; name = Base; path = Base.lproj/LaunchScreen.storyboard; sourceTree = "<group>"; };
		B2FAEBB821FD1D61001F0D39 /* Info.plist */ = {isa = PBXFileReference; lastKnownFileType = text.plist.xml; path = Info.plist; sourceTree = "<group>"; };
		B2FAEBDF21FD2E4A001F0D39 /* LoginRouter.swift */ = {isa = PBXFileReference; lastKnownFileType = sourcecode.swift; path = LoginRouter.swift; sourceTree = "<group>"; };
		B2FAEBE221FD2F3B001F0D39 /* LoginStoryboard.storyboard */ = {isa = PBXFileReference; lastKnownFileType = file.storyboard; path = LoginStoryboard.storyboard; sourceTree = "<group>"; };
		B2FAEBE421FD3FBD001F0D39 /* LoginViewController.swift */ = {isa = PBXFileReference; lastKnownFileType = sourcecode.swift; path = LoginViewController.swift; sourceTree = "<group>"; };
		B2FAEBE721FD403E001F0D39 /* LoginPresenter.swift */ = {isa = PBXFileReference; lastKnownFileType = sourcecode.swift; path = LoginPresenter.swift; sourceTree = "<group>"; };
		B2FAEBEA21FD40D1001F0D39 /* LoginInteractor.swift */ = {isa = PBXFileReference; lastKnownFileType = sourcecode.swift; path = LoginInteractor.swift; sourceTree = "<group>"; };
		B2FAEBF021FD4394001F0D39 /* R.generated.swift */ = {isa = PBXFileReference; fileEncoding = 4; lastKnownFileType = sourcecode.swift; path = R.generated.swift; sourceTree = "<group>"; };
		B2FAEBF421FD4445001F0D39 /* ViewWithBorderRoundCorner.swift */ = {isa = PBXFileReference; lastKnownFileType = sourcecode.swift; path = ViewWithBorderRoundCorner.swift; sourceTree = "<group>"; };
		B2FAEBF821FD481E001F0D39 /* StartStoryboard.storyboard */ = {isa = PBXFileReference; lastKnownFileType = file.storyboard; path = StartStoryboard.storyboard; sourceTree = "<group>"; };
		B2FAEBFA21FD4854001F0D39 /* StartViewController.swift */ = {isa = PBXFileReference; lastKnownFileType = sourcecode.swift; path = StartViewController.swift; sourceTree = "<group>"; };
		CB12CA26F6FCBEAFEE829C68 /* Pods_jira_work_logUITests.framework */ = {isa = PBXFileReference; explicitFileType = wrapper.framework; includeInIndex = 0; path = Pods_jira_work_logUITests.framework; sourceTree = BUILT_PRODUCTS_DIR; };
		DDD7674563C636ECA75A8467 /* Pods_jira_work_log.framework */ = {isa = PBXFileReference; explicitFileType = wrapper.framework; includeInIndex = 0; path = Pods_jira_work_log.framework; sourceTree = BUILT_PRODUCTS_DIR; };
		DE02E285D16905FB42B3FCC7 /* Pods-jira-work-log.release.xcconfig */ = {isa = PBXFileReference; includeInIndex = 1; lastKnownFileType = text.xcconfig; name = "Pods-jira-work-log.release.xcconfig"; path = "Target Support Files/Pods-jira-work-log/Pods-jira-work-log.release.xcconfig"; sourceTree = "<group>"; };
/* End PBXFileReference section */

/* Begin PBXFrameworksBuildPhase section */
		B2FAEBA621FD1D5F001F0D39 /* Frameworks */ = {
			isa = PBXFrameworksBuildPhase;
			buildActionMask = 2147483647;
			files = (
				155A71ED18FAB4CDBE7FCEFA /* Pods_jira_work_log.framework in Frameworks */,
			);
			runOnlyForDeploymentPostprocessing = 0;
		};
/* End PBXFrameworksBuildPhase section */

/* Begin PBXGroup section */
		6B933114B64409A0A344EFEE /* Frameworks */ = {
			isa = PBXGroup;
			children = (
				DDD7674563C636ECA75A8467 /* Pods_jira_work_log.framework */,
				1A729DA88897273A886BF8F7 /* Pods_jira_work_logTests.framework */,
				CB12CA26F6FCBEAFEE829C68 /* Pods_jira_work_logUITests.framework */,
			);
			name = Frameworks;
			sourceTree = "<group>";
		};
		B21451EF220240EB003FB487 /* BurdDownChart */ = {
			isa = PBXGroup;
			children = (
				B21451FF220259DD003FB487 /* Router */,
				B21451F922025395003FB487 /* Presenter */,
				B21451F622024C5C003FB487 /* View */,
				B21451F322024BD5003FB487 /* Interactor */,
				B21451F022024A02003FB487 /* Entity */,
			);
			path = BurdDownChart;
			sourceTree = "<group>";
		};
		B21451F022024A02003FB487 /* Entity */ = {
			isa = PBXGroup;
			children = (
				B21451F122024A56003FB487 /* JIRABurnDownChart.swift */,
			);
			path = Entity;
			sourceTree = "<group>";
		};
		B21451F322024BD5003FB487 /* Interactor */ = {
			isa = PBXGroup;
			children = (
				B21451F422024BE2003FB487 /* BurnDownChartInteractor.swift */,
			);
			path = Interactor;
			sourceTree = "<group>";
		};
		B21451F622024C5C003FB487 /* View */ = {
			isa = PBXGroup;
			children = (
				B21451FD220258B8003FB487 /* BurnDownChartViewController.swift */,
				B21451F722024C6F003FB487 /* BurnDownChartStoryboard.storyboard */,
			);
			path = View;
			sourceTree = "<group>";
		};
		B21451F922025395003FB487 /* Presenter */ = {
			isa = PBXGroup;
			children = (
				B21451FA220253AA003FB487 /* BurnDownChartPresenter.swift */,
			);
			path = Presenter;
			sourceTree = "<group>";
		};
		B21451FF220259DD003FB487 /* Router */ = {
			isa = PBXGroup;
			children = (
				B2145200220259F3003FB487 /* BurnDownChartRouter.swift */,
			);
			path = Router;
			sourceTree = "<group>";
		};
		B214521A2202774E003FB487 /* ListSprints */ = {
			isa = PBXGroup;
			children = (
				B214521B2202774E003FB487 /* Entity */,
				B214521E2202774E003FB487 /* Presenter */,
				B21452202202774E003FB487 /* View */,
				B21452252202774E003FB487 /* Interactor */,
				B21452272202774E003FB487 /* Router */,
			);
			path = ListSprints;
			sourceTree = "<group>";
		};
		B214521B2202774E003FB487 /* Entity */ = {
			isa = PBXGroup;
			children = (
				B214521C2202774E003FB487 /* JIRAResponseSprint.swift */,
				B214521D2202774E003FB487 /* JIRASprint.swift */,
			);
			path = Entity;
			sourceTree = "<group>";
		};
		B214521E2202774E003FB487 /* Presenter */ = {
			isa = PBXGroup;
			children = (
				B214521F2202774E003FB487 /* ListSprintsPresenter.swift */,
			);
			path = Presenter;
			sourceTree = "<group>";
		};
		B21452202202774E003FB487 /* View */ = {
			isa = PBXGroup;
			children = (
				B21452212202774E003FB487 /* ListSprintsStoryboard.storyboard */,
				B21452222202774E003FB487 /* SprintTableViewCell.swift */,
				B21452232202774E003FB487 /* SprintTableViewCell.xib */,
				B21452242202774E003FB487 /* ListSprintsViewController.swift */,
			);
			path = View;
			sourceTree = "<group>";
		};
		B21452252202774E003FB487 /* Interactor */ = {
			isa = PBXGroup;
			children = (
				B21452262202774E003FB487 /* ListSprintsInteractor.swift */,
			);
			path = Interactor;
			sourceTree = "<group>";
		};
		B21452272202774E003FB487 /* Router */ = {
			isa = PBXGroup;
			children = (
				B21452282202774E003FB487 /* ListSprintsRouter.swift */,
			);
			path = Router;
			sourceTree = "<group>";
		};
		B295B89122017437000859B3 /* Entity */ = {
			isa = PBXGroup;
			children = (
				B295B8922201743F000859B3 /* Credentials.swift */,
			);
			path = Entity;
			sourceTree = "<group>";
		};
		B298C61F21FDFA45008CC401 /* Interactor */ = {
			isa = PBXGroup;
			children = (
				B298C62621FE4116008CC401 /* Result.swift */,
				B298C62821FE412F008CC401 /* SimpleResult.swift */,
				B295B88F220173CA000859B3 /* HTTPConnection.swift */,
			);
			path = Interactor;
			sourceTree = "<group>";
		};
		B298C62C21FE54FB008CC401 /* ListProjects */ = {
			isa = PBXGroup;
			children = (
				B298C64221FE7766008CC401 /* Entity */,
				B298C63821FE6BB8008CC401 /* Router */,
				B298C63721FE6BAE008CC401 /* Interactor */,
				B298C63621FE6B99008CC401 /* Presenter */,
				B298C62D21FE69B2008CC401 /* View */,
			);
			path = ListProjects;
			sourceTree = "<group>";
		};
		B298C62D21FE69B2008CC401 /* View */ = {
			isa = PBXGroup;
			children = (
				B298C63021FE6A6C008CC401 /* ListProjectsViewController.swift */,
				B298C62E21FE69CB008CC401 /* ListProjectsStoryboard.storyboard */,
				B298C63221FE6B17008CC401 /* ProjectTableViewCell.swift */,
				B298C63321FE6B17008CC401 /* ProjectTableViewCell.xib */,
			);
			path = View;
			sourceTree = "<group>";
		};
		B298C63621FE6B99008CC401 /* Presenter */ = {
			isa = PBXGroup;
			children = (
				B298C63921FE6BCE008CC401 /* ListProjectsPresenter.swift */,
			);
			path = Presenter;
			sourceTree = "<group>";
		};
		B298C63721FE6BAE008CC401 /* Interactor */ = {
			isa = PBXGroup;
			children = (
				B298C63D21FE6C39008CC401 /* ListProjectsInteractor.swift */,
			);
			path = Interactor;
			sourceTree = "<group>";
		};
		B298C63821FE6BB8008CC401 /* Router */ = {
			isa = PBXGroup;
			children = (
				B298C63B21FE6C1D008CC401 /* ListProjectsRouter.swift */,
			);
			path = Router;
			sourceTree = "<group>";
		};
		B298C63F21FE750E008CC401 /* Router */ = {
			isa = PBXGroup;
			children = (
				B298C64021FE7514008CC401 /* Router.swift */,
			);
			path = Router;
			sourceTree = "<group>";
		};
		B298C64221FE7766008CC401 /* Entity */ = {
			isa = PBXGroup;
			children = (
				B298C64321FE777C008CC401 /* JIRAProject.swift */,
			);
			path = Entity;
			sourceTree = "<group>";
		};
		B298C64521FE8354008CC401 /* Settings */ = {
			isa = PBXGroup;
			children = (
				B2A506802200235A00B0211A /* Interactor */,
				B298C65121FE9072008CC401 /* Entity */,
				B298C64C21FE87CC008CC401 /* Router */,
				B298C64B21FE87C2008CC401 /* Presenter */,
				B298C64621FE8390008CC401 /* View */,
			);
			path = Settings;
			sourceTree = "<group>";
		};
		B298C64621FE8390008CC401 /* View */ = {
			isa = PBXGroup;
			children = (
				B298C64921FE86BE008CC401 /* SettingsViewController.swift */,
				B298C64721FE83A0008CC401 /* SettingsStoryboard.storyboard */,
			);
			path = View;
			sourceTree = "<group>";
		};
		B298C64B21FE87C2008CC401 /* Presenter */ = {
			isa = PBXGroup;
			children = (
				B298C64D21FE87E1008CC401 /* SettingsPresenter.swift */,
			);
			path = Presenter;
			sourceTree = "<group>";
		};
		B298C64C21FE87CC008CC401 /* Router */ = {
			isa = PBXGroup;
			children = (
				B298C64F21FE88B0008CC401 /* SettingsRouter.swift */,
			);
			path = Router;
			sourceTree = "<group>";
		};
		B298C65121FE9072008CC401 /* Entity */ = {
			isa = PBXGroup;
			children = (
				B298C65221FE9086008CC401 /* Settings.swift */,
			);
			path = Entity;
			sourceTree = "<group>";
		};
		B298C65421FE963B008CC401 /* ListVersions */ = {
			isa = PBXGroup;
			children = (
				B298C65F21FEA5CE008CC401 /* Interactor */,
				B298C65821FEA5CE008CC401 /* Presenter */,
				B298C66121FEA5CF008CC401 /* Router */,
				B298C65A21FEA5CE008CC401 /* View */,
				B298C65521FE9652008CC401 /* Entity */,
			);
			path = ListVersions;
			sourceTree = "<group>";
		};
		B298C65521FE9652008CC401 /* Entity */ = {
			isa = PBXGroup;
			children = (
				B298C65621FE9676008CC401 /* JIRAVersion.swift */,
			);
			path = Entity;
			sourceTree = "<group>";
		};
		B298C65821FEA5CE008CC401 /* Presenter */ = {
			isa = PBXGroup;
			children = (
				B298C65921FEA5CE008CC401 /* ListVersionsPresenter.swift */,
			);
			path = Presenter;
			sourceTree = "<group>";
		};
		B298C65A21FEA5CE008CC401 /* View */ = {
			isa = PBXGroup;
			children = (
				B298C65D21FEA5CE008CC401 /* ListVertionsViewController.swift */,
				B298C66E21FEACD7008CC401 /* ListVertionsStoryboard.storyboard */,
				B298C66A21FEACB9008CC401 /* VersionTableViewCell.swift */,
				B298C66B21FEACB9008CC401 /* VersionTableViewCell.xib */,
			);
			path = View;
			sourceTree = "<group>";
		};
		B298C65F21FEA5CE008CC401 /* Interactor */ = {
			isa = PBXGroup;
			children = (
				B298C66021FEA5CE008CC401 /* ListVersionsInteractor.swift */,
			);
			path = Interactor;
			sourceTree = "<group>";
		};
		B298C66121FEA5CF008CC401 /* Router */ = {
			isa = PBXGroup;
			children = (
				B298C66221FEA5CF008CC401 /* ListVersionsRouter.swift */,
			);
			path = Router;
			sourceTree = "<group>";
		};
		B298C67021FEB688008CC401 /* ListBoards */ = {
			isa = PBXGroup;
			children = (
				B298C67121FEB688008CC401 /* Entity */,
				B298C67321FEB688008CC401 /* Presenter */,
				B298C67521FEB688008CC401 /* View */,
				B298C67A21FEB688008CC401 /* Interactor */,
				B298C67C21FEB688008CC401 /* Router */,
			);
			path = ListBoards;
			sourceTree = "<group>";
		};
		B298C67121FEB688008CC401 /* Entity */ = {
			isa = PBXGroup;
			children = (
				B298C67221FEB688008CC401 /* JIRABoard.swift */,
				B298C68621FEBC1E008CC401 /* JIRAResponseBoard.swift */,
			);
			path = Entity;
			sourceTree = "<group>";
		};
		B298C67321FEB688008CC401 /* Presenter */ = {
			isa = PBXGroup;
			children = (
				B298C67421FEB688008CC401 /* ListBoardsPresenter.swift */,
			);
			path = Presenter;
			sourceTree = "<group>";
		};
		B298C67521FEB688008CC401 /* View */ = {
			isa = PBXGroup;
			children = (
				B298C67921FEB688008CC401 /* ListBoardsViewController.swift */,
				B298C67621FEB688008CC401 /* ListBoardsStoryboard.storyboard */,
				B298C67721FEB688008CC401 /* BoardTableViewCell.swift */,
				B298C67821FEB688008CC401 /* BoardTableViewCell.xib */,
			);
			path = View;
			sourceTree = "<group>";
		};
		B298C67A21FEB688008CC401 /* Interactor */ = {
			isa = PBXGroup;
			children = (
				B298C67B21FEB688008CC401 /* ListBoardsInteractor.swift */,
			);
			path = Interactor;
			sourceTree = "<group>";
		};
		B298C67C21FEB688008CC401 /* Router */ = {
			isa = PBXGroup;
			children = (
				B298C67D21FEB688008CC401 /* ListBoardsRouter.swift */,
			);
			path = Router;
			sourceTree = "<group>";
		};
		B298C68821FEC212008CC401 /* Board */ = {
			isa = PBXGroup;
			children = (
				B298C69B21FEC5BA008CC401 /* Entity */,
				B298C69821FEC556008CC401 /* Interactor */,
				B298C69521FEC51F008CC401 /* Presenter */,
				B298C68E21FEC3AB008CC401 /* Router */,
				B298C68921FEC21B008CC401 /* View */,
			);
			path = Board;
			sourceTree = "<group>";
		};
		B298C68921FEC21B008CC401 /* View */ = {
			isa = PBXGroup;
			children = (
				B2A5066D21FFFDE800B0211A /* JIRAIssueTypeName+Icon.swift */,
				B298C6A821FED680008CC401 /* MenuViewController.swift */,
				B298C68C21FEC395008CC401 /* BoardViewController.swift */,
				B298C68A21FEC2B1008CC401 /* BoardStoryboard.storyboard */,
				B298C68F21FEC3CD008CC401 /* IssueTableViewCell.swift */,
				B298C69021FEC3CD008CC401 /* IssueTableViewCell.xib */,
				B2A5066F2200026500B0211A /* JIRATimeTracking+Alert.swift */,
			);
			path = View;
			sourceTree = "<group>";
		};
		B298C68E21FEC3AB008CC401 /* Router */ = {
			isa = PBXGroup;
			children = (
				B298C69321FEC3E5008CC401 /* BoardRouter.swift */,
			);
			path = Router;
			sourceTree = "<group>";
		};
		B298C69521FEC51F008CC401 /* Presenter */ = {
			isa = PBXGroup;
			children = (
				B298C69621FEC52C008CC401 /* BoardPresenter.swift */,
			);
			path = Presenter;
			sourceTree = "<group>";
		};
		B298C69821FEC556008CC401 /* Interactor */ = {
			isa = PBXGroup;
			children = (
				B298C69921FEC562008CC401 /* BoardInteractor.swift */,
			);
			path = Interactor;
			sourceTree = "<group>";
		};
		B298C69B21FEC5BA008CC401 /* Entity */ = {
			isa = PBXGroup;
			children = (
				B298C69C21FEC698008CC401 /* JIRAIssue.swift */,
				B298C69E21FEC6BE008CC401 /* JIRAResponseIssuesBoard.swift */,
				B298C6A021FEC95C008CC401 /* JIRAIssueFields.swift */,
				B298C6A221FEC98E008CC401 /* JIRATimetracking.swift */,
				B298C6AA21FF5AA7008CC401 /* JIRAIssuetype.swift */,
				B298C6AC21FF7A96008CC401 /* JIRAIssueTypeName.swift */,
			);
			path = Entity;
			sourceTree = "<group>";
		};
		B2A50671220006A400B0211A /* Issue */ = {
			isa = PBXGroup;
			children = (
				B2A5067D22001CE500B0211A /* Interactor */,
				B2A5067A22001CB500B0211A /* Presenter */,
				B2A5067722001C4E00B0211A /* Router */,
				B2A506722200071E00B0211A /* View */,
			);
			path = Issue;
			sourceTree = "<group>";
		};
		B2A506722200071E00B0211A /* View */ = {
			isa = PBXGroup;
			children = (
				B2A5067522000AE300B0211A /* IssueViewController.swift */,
				B2A506732200072B00B0211A /* IssueStoryboard.storyboard */,
			);
			path = View;
			sourceTree = "<group>";
		};
		B2A5067722001C4E00B0211A /* Router */ = {
			isa = PBXGroup;
			children = (
				B2A5067822001C5B00B0211A /* IssueRouter.swift */,
			);
			path = Router;
			sourceTree = "<group>";
		};
		B2A5067A22001CB500B0211A /* Presenter */ = {
			isa = PBXGroup;
			children = (
				B2A5067B22001CD400B0211A /* IssuePresenter.swift */,
			);
			path = Presenter;
			sourceTree = "<group>";
		};
		B2A5067D22001CE500B0211A /* Interactor */ = {
			isa = PBXGroup;
			children = (
				B2A5067E22001CF200B0211A /* IssueInteractor.swift */,
			);
			path = Interactor;
			sourceTree = "<group>";
		};
		B2A506802200235A00B0211A /* Interactor */ = {
			isa = PBXGroup;
			children = (
				B2A506812200236700B0211A /* SettingsInteractor.swift */,
			);
			path = Interactor;
			sourceTree = "<group>";
		};
		B2A5068622009F5D00B0211A /* Entity */ = {
			isa = PBXGroup;
			children = (
				B2A5068722009F6F00B0211A /* JIRAResponseSession.swift */,
				B2A5068922009F8600B0211A /* JIRASession.swift */,
			);
			path = Entity;
			sourceTree = "<group>";
		};
		B2FAEBA021FD1D5F001F0D39 = {
			isa = PBXGroup;
			children = (
				B2FAEBAB21FD1D5F001F0D39 /* jira-work-log */,
				B2FAEBAA21FD1D5F001F0D39 /* Products */,
				DA5EB5B3B48190C410133CB4 /* Pods */,
				6B933114B64409A0A344EFEE /* Frameworks */,
			);
			sourceTree = "<group>";
		};
		B2FAEBAA21FD1D5F001F0D39 /* Products */ = {
			isa = PBXGroup;
			children = (
				B2FAEBA921FD1D5F001F0D39 /* jira-work-log.app */,
			);
			name = Products;
			sourceTree = "<group>";
		};
		B2FAEBAB21FD1D5F001F0D39 /* jira-work-log */ = {
			isa = PBXGroup;
			children = (
				B2FAEBDC21FD25F3001F0D39 /* Modules */,
				B2FAEBDB21FD25B5001F0D39 /* Resources */,
				B2FAEBDA21FD2578001F0D39 /* Application */,
				B2FAEBB821FD1D61001F0D39 /* Info.plist */,
			);
			path = "jira-work-log";
			sourceTree = "<group>";
		};
		B2FAEBDA21FD2578001F0D39 /* Application */ = {
			isa = PBXGroup;
			children = (
				B2FAEBAC21FD1D5F001F0D39 /* AppDelegate.swift */,
			);
			path = Application;
			sourceTree = "<group>";
		};
		B2FAEBDB21FD25B5001F0D39 /* Resources */ = {
			isa = PBXGroup;
			children = (
				B2FAEBF021FD4394001F0D39 /* R.generated.swift */,
				B2FAEBB521FD1D61001F0D39 /* LaunchScreen.storyboard */,
				B2FAEBB321FD1D61001F0D39 /* Assets.xcassets */,
			);
			path = Resources;
			sourceTree = "<group>";
		};
		B2FAEBDC21FD25F3001F0D39 /* Modules */ = {
			isa = PBXGroup;
			children = (
				B214521A2202774E003FB487 /* ListSprints */,
				B21451EF220240EB003FB487 /* BurdDownChart */,
				B2A50671220006A400B0211A /* Issue */,
				B2FAEBF221FD4419001F0D39 /* Common */,
				B298C68821FEC212008CC401 /* Board */,
				B298C67021FEB688008CC401 /* ListBoards */,
				B298C65421FE963B008CC401 /* ListVersions */,
				B2FAEBF621FD47E3001F0D39 /* Start */,
				B298C62C21FE54FB008CC401 /* ListProjects */,
				B2FAEBDD21FD2D29001F0D39 /* Login */,
				B298C64521FE8354008CC401 /* Settings */,
			);
			path = Modules;
			sourceTree = "<group>";
		};
		B2FAEBDD21FD2D29001F0D39 /* Login */ = {
			isa = PBXGroup;
			children = (
				B2A5068622009F5D00B0211A /* Entity */,
				B2FAEBE921FD40C3001F0D39 /* Interactor */,
				B2FAEBE621FD4023001F0D39 /* Presenter */,
				B2FAEBE121FD2E7E001F0D39 /* View */,
				B2FAEBDE21FD2DD8001F0D39 /* Router */,
			);
			path = Login;
			sourceTree = "<group>";
		};
		B2FAEBDE21FD2DD8001F0D39 /* Router */ = {
			isa = PBXGroup;
			children = (
				B2FAEBDF21FD2E4A001F0D39 /* LoginRouter.swift */,
			);
			path = Router;
			sourceTree = "<group>";
		};
		B2FAEBE121FD2E7E001F0D39 /* View */ = {
			isa = PBXGroup;
			children = (
				B2FAEBE421FD3FBD001F0D39 /* LoginViewController.swift */,
				B2FAEBE221FD2F3B001F0D39 /* LoginStoryboard.storyboard */,
			);
			path = View;
			sourceTree = "<group>";
		};
		B2FAEBE621FD4023001F0D39 /* Presenter */ = {
			isa = PBXGroup;
			children = (
				B2FAEBE721FD403E001F0D39 /* LoginPresenter.swift */,
			);
			path = Presenter;
			sourceTree = "<group>";
		};
		B2FAEBE921FD40C3001F0D39 /* Interactor */ = {
			isa = PBXGroup;
			children = (
				B2FAEBEA21FD40D1001F0D39 /* LoginInteractor.swift */,
			);
			path = Interactor;
			sourceTree = "<group>";
		};
		B2FAEBF221FD4419001F0D39 /* Common */ = {
			isa = PBXGroup;
			children = (
				B295B89122017437000859B3 /* Entity */,
				B298C63F21FE750E008CC401 /* Router */,
				B298C61F21FDFA45008CC401 /* Interactor */,
				B2FAEBF321FD4420001F0D39 /* View */,
			);
			path = Common;
			sourceTree = "<group>";
		};
		B2FAEBF321FD4420001F0D39 /* View */ = {
			isa = PBXGroup;
			children = (
				B2FAEBF421FD4445001F0D39 /* ViewWithBorderRoundCorner.swift */,
				B298C62A21FE4479008CC401 /* ViewController.swift */,
			);
			path = View;
			sourceTree = "<group>";
		};
		B2FAEBF621FD47E3001F0D39 /* Start */ = {
			isa = PBXGroup;
			children = (
				B2FAEBF721FD480B001F0D39 /* View */,
			);
			path = Start;
			sourceTree = "<group>";
		};
		B2FAEBF721FD480B001F0D39 /* View */ = {
			isa = PBXGroup;
			children = (
				B2FAEBFA21FD4854001F0D39 /* StartViewController.swift */,
				B2FAEBF821FD481E001F0D39 /* StartStoryboard.storyboard */,
			);
			path = View;
			sourceTree = "<group>";
		};
		DA5EB5B3B48190C410133CB4 /* Pods */ = {
			isa = PBXGroup;
			children = (
				B0DC965B7971DB8FDC2F70EE /* Pods-jira-work-log.debug.xcconfig */,
				DE02E285D16905FB42B3FCC7 /* Pods-jira-work-log.release.xcconfig */,
			);
			path = Pods;
			sourceTree = "<group>";
		};
/* End PBXGroup section */

/* Begin PBXNativeTarget section */
		B2FAEBA821FD1D5F001F0D39 /* jira-work-log */ = {
			isa = PBXNativeTarget;
			buildConfigurationList = B2FAEBD121FD1D61001F0D39 /* Build configuration list for PBXNativeTarget "jira-work-log" */;
			buildPhases = (
				4750CC81D9580773DB480F47 /* [CP] Check Pods Manifest.lock */,
				B2FAEBED21FD4207001F0D39 /* Run Script R.Swift */,
				B2FAEBA521FD1D5F001F0D39 /* Sources */,
				B2FAEBA621FD1D5F001F0D39 /* Frameworks */,
				B2FAEBA721FD1D5F001F0D39 /* Resources */,
				C2E4CD06959F4DF19F725223 /* [CP] Embed Pods Frameworks */,
			);
			buildRules = (
			);
			dependencies = (
			);
			name = "jira-work-log";
			productName = "jira-work-log";
			productReference = B2FAEBA921FD1D5F001F0D39 /* jira-work-log.app */;
			productType = "com.apple.product-type.application";
		};
/* End PBXNativeTarget section */

/* Begin PBXProject section */
		B2FAEBA121FD1D5F001F0D39 /* Project object */ = {
			isa = PBXProject;
			attributes = {
				LastSwiftUpdateCheck = 1010;
				LastUpgradeCheck = 1010;
				ORGANIZATIONNAME = "Fernando Luna";
				TargetAttributes = {
					B2FAEBA821FD1D5F001F0D39 = {
						CreatedOnToolsVersion = 10.1;
					};
				};
			};
			buildConfigurationList = B2FAEBA421FD1D5F001F0D39 /* Build configuration list for PBXProject "jira-work-log" */;
			compatibilityVersion = "Xcode 9.3";
			developmentRegion = en;
			hasScannedForEncodings = 0;
			knownRegions = (
				en,
				Base,
			);
			mainGroup = B2FAEBA021FD1D5F001F0D39;
			productRefGroup = B2FAEBAA21FD1D5F001F0D39 /* Products */;
			projectDirPath = "";
			projectRoot = "";
			targets = (
				B2FAEBA821FD1D5F001F0D39 /* jira-work-log */,
			);
		};
/* End PBXProject section */

/* Begin PBXResourcesBuildPhase section */
		B2FAEBA721FD1D5F001F0D39 /* Resources */ = {
			isa = PBXResourcesBuildPhase;
			buildActionMask = 2147483647;
			files = (
				B298C66F21FEACD7008CC401 /* ListVertionsStoryboard.storyboard in Resources */,
				B2A506742200072B00B0211A /* IssueStoryboard.storyboard in Resources */,
				B2FAEBB721FD1D61001F0D39 /* LaunchScreen.storyboard in Resources */,
				B298C63521FE6B17008CC401 /* ProjectTableViewCell.xib in Resources */,
				B21451F822024C6F003FB487 /* BurnDownChartStoryboard.storyboard in Resources */,
				B298C68221FEB688008CC401 /* BoardTableViewCell.xib in Resources */,
				B298C66D21FEACB9008CC401 /* VersionTableViewCell.xib in Resources */,
				B2FAEBB421FD1D61001F0D39 /* Assets.xcassets in Resources */,
				B2FAEBF921FD481E001F0D39 /* StartStoryboard.storyboard in Resources */,
				B298C64821FE83A0008CC401 /* SettingsStoryboard.storyboard in Resources */,
				B2FAEBE321FD2F3B001F0D39 /* LoginStoryboard.storyboard in Resources */,
				B298C69221FEC3CD008CC401 /* IssueTableViewCell.xib in Resources */,
				B298C68021FEB688008CC401 /* ListBoardsStoryboard.storyboard in Resources */,
				B298C68B21FEC2B1008CC401 /* BoardStoryboard.storyboard in Resources */,
				B214522C2202774E003FB487 /* ListSprintsStoryboard.storyboard in Resources */,
				B214522E2202774E003FB487 /* SprintTableViewCell.xib in Resources */,
				B298C62F21FE69CB008CC401 /* ListProjectsStoryboard.storyboard in Resources */,
			);
			runOnlyForDeploymentPostprocessing = 0;
		};
/* End PBXResourcesBuildPhase section */

/* Begin PBXShellScriptBuildPhase section */
		4750CC81D9580773DB480F47 /* [CP] Check Pods Manifest.lock */ = {
			isa = PBXShellScriptBuildPhase;
			buildActionMask = 2147483647;
			files = (
			);
			inputFileListPaths = (
			);
			inputPaths = (
				"${PODS_PODFILE_DIR_PATH}/Podfile.lock",
				"${PODS_ROOT}/Manifest.lock",
			);
			name = "[CP] Check Pods Manifest.lock";
			outputFileListPaths = (
			);
			outputPaths = (
				"$(DERIVED_FILE_DIR)/Pods-jira-work-log-checkManifestLockResult.txt",
			);
			runOnlyForDeploymentPostprocessing = 0;
			shellPath = /bin/sh;
			shellScript = "diff \"${PODS_PODFILE_DIR_PATH}/Podfile.lock\" \"${PODS_ROOT}/Manifest.lock\" > /dev/null\nif [ $? != 0 ] ; then\n    # print error to STDERR\n    echo \"error: The sandbox is not in sync with the Podfile.lock. Run 'pod install' or update your CocoaPods installation.\" >&2\n    exit 1\nfi\n# This output is used by Xcode 'outputs' to avoid re-running this script phase.\necho \"SUCCESS\" > \"${SCRIPT_OUTPUT_FILE_0}\"\n";
			showEnvVarsInLog = 0;
		};
		B2FAEBED21FD4207001F0D39 /* Run Script R.Swift */ = {
			isa = PBXShellScriptBuildPhase;
			buildActionMask = 2147483647;
			files = (
			);
			inputFileListPaths = (
			);
			inputPaths = (
				"$TEMP_DIR/rswift-lastrun",
			);
			name = "Run Script R.Swift";
			outputFileListPaths = (
			);
			outputPaths = (
				"$SRCROOT/jira-work-log/Resources/R.generated.swift",
			);
			runOnlyForDeploymentPostprocessing = 0;
			shellPath = /bin/sh;
			shellScript = "# Type a script or drag a script file from your workspace to insert its path.\n\"$PODS_ROOT/R.swift/rswift\" generate \"$SRCROOT/jira-work-log/Resources/R.generated.swift\"\n";
		};
		C2E4CD06959F4DF19F725223 /* [CP] Embed Pods Frameworks */ = {
			isa = PBXShellScriptBuildPhase;
			buildActionMask = 2147483647;
			files = (
			);
			inputFileListPaths = (
			);
			inputPaths = (
				"${PODS_ROOT}/Target Support Files/Pods-jira-work-log/Pods-jira-work-log-frameworks.sh",
				"${BUILT_PRODUCTS_DIR}/Charts/Charts.framework",
				"${BUILT_PRODUCTS_DIR}/HGCircularSlider/HGCircularSlider.framework",
				"${BUILT_PRODUCTS_DIR}/NVActivityIndicatorView/NVActivityIndicatorView.framework",
				"${BUILT_PRODUCTS_DIR}/R.swift.Library/Rswift.framework",
				"${BUILT_PRODUCTS_DIR}/RxAtomic/RxAtomic.framework",
				"${BUILT_PRODUCTS_DIR}/RxCocoa/RxCocoa.framework",
				"${BUILT_PRODUCTS_DIR}/RxSwift/RxSwift.framework",
				"${BUILT_PRODUCTS_DIR}/SCLAlertView/SCLAlertView.framework",
				"${BUILT_PRODUCTS_DIR}/SideMenu/SideMenu.framework",
			);
			name = "[CP] Embed Pods Frameworks";
			outputFileListPaths = (
			);
			outputPaths = (
				"${TARGET_BUILD_DIR}/${FRAMEWORKS_FOLDER_PATH}/Charts.framework",
				"${TARGET_BUILD_DIR}/${FRAMEWORKS_FOLDER_PATH}/HGCircularSlider.framework",
				"${TARGET_BUILD_DIR}/${FRAMEWORKS_FOLDER_PATH}/NVActivityIndicatorView.framework",
				"${TARGET_BUILD_DIR}/${FRAMEWORKS_FOLDER_PATH}/Rswift.framework",
				"${TARGET_BUILD_DIR}/${FRAMEWORKS_FOLDER_PATH}/RxAtomic.framework",
				"${TARGET_BUILD_DIR}/${FRAMEWORKS_FOLDER_PATH}/RxCocoa.framework",
				"${TARGET_BUILD_DIR}/${FRAMEWORKS_FOLDER_PATH}/RxSwift.framework",
				"${TARGET_BUILD_DIR}/${FRAMEWORKS_FOLDER_PATH}/SCLAlertView.framework",
				"${TARGET_BUILD_DIR}/${FRAMEWORKS_FOLDER_PATH}/SideMenu.framework",
			);
			runOnlyForDeploymentPostprocessing = 0;
			shellPath = /bin/sh;
			shellScript = "\"${PODS_ROOT}/Target Support Files/Pods-jira-work-log/Pods-jira-work-log-frameworks.sh\"\n";
			showEnvVarsInLog = 0;
		};
/* End PBXShellScriptBuildPhase section */

/* Begin PBXSourcesBuildPhase section */
		B2FAEBA521FD1D5F001F0D39 /* Sources */ = {
			isa = PBXSourcesBuildPhase;
			buildActionMask = 2147483647;
			files = (
				B2A5067622000AE300B0211A /* IssueViewController.swift in Sources */,
				B298C63C21FE6C1D008CC401 /* ListProjectsRouter.swift in Sources */,
				B298C64421FE777C008CC401 /* JIRAProject.swift in Sources */,
				B298C64A21FE86BE008CC401 /* SettingsViewController.swift in Sources */,
				B2A5067C22001CD400B0211A /* IssuePresenter.swift in Sources */,
				B298C65021FE88B0008CC401 /* SettingsRouter.swift in Sources */,
				B298C66321FEA5CF008CC401 /* ListVersionsPresenter.swift in Sources */,
				B2FAEBF521FD4445001F0D39 /* ViewWithBorderRoundCorner.swift in Sources */,
				B298C67E21FEB688008CC401 /* JIRABoard.swift in Sources */,
				B2A506822200236700B0211A /* SettingsInteractor.swift in Sources */,
				B298C69721FEC52C008CC401 /* BoardPresenter.swift in Sources */,
				B2FAEBFB21FD4854001F0D39 /* StartViewController.swift in Sources */,
				B298C68321FEB688008CC401 /* ListBoardsViewController.swift in Sources */,
				B21451F222024A56003FB487 /* JIRABurnDownChart.swift in Sources */,
				B214522B2202774E003FB487 /* ListSprintsPresenter.swift in Sources */,
				B2FAEBE521FD3FBD001F0D39 /* LoginViewController.swift in Sources */,
				B298C68521FEB688008CC401 /* ListBoardsRouter.swift in Sources */,
				B2A5068822009F6F00B0211A /* JIRAResponseSession.swift in Sources */,
				B298C68421FEB688008CC401 /* ListBoardsInteractor.swift in Sources */,
				B21451FE220258B8003FB487 /* BurnDownChartViewController.swift in Sources */,
				B2A506702200026500B0211A /* JIRATimeTracking+Alert.swift in Sources */,
				B298C63421FE6B17008CC401 /* ProjectTableViewCell.swift in Sources */,
				B21451F522024BE2003FB487 /* BurnDownChartInteractor.swift in Sources */,
				B298C68121FEB688008CC401 /* BoardTableViewCell.swift in Sources */,
				B298C63A21FE6BCE008CC401 /* ListProjectsPresenter.swift in Sources */,
				B2145201220259F3003FB487 /* BurnDownChartRouter.swift in Sources */,
				B298C66C21FEACB9008CC401 /* VersionTableViewCell.swift in Sources */,
				B295B890220173CA000859B3 /* HTTPConnection.swift in Sources */,
				B2A5068A22009F8600B0211A /* JIRASession.swift in Sources */,
				B2FAEBF121FD4394001F0D39 /* R.generated.swift in Sources */,
				B2A5067F22001CF200B0211A /* IssueInteractor.swift in Sources */,
				B298C62B21FE4479008CC401 /* ViewController.swift in Sources */,
				B298C67F21FEB688008CC401 /* ListBoardsPresenter.swift in Sources */,
				B298C63E21FE6C39008CC401 /* ListProjectsInteractor.swift in Sources */,
				B298C6AB21FF5AA7008CC401 /* JIRAIssuetype.swift in Sources */,
				B298C69121FEC3CD008CC401 /* IssueTableViewCell.swift in Sources */,
				B298C65721FE9676008CC401 /* JIRAVersion.swift in Sources */,
				B295B8932201743F000859B3 /* Credentials.swift in Sources */,
				B21451FB220253AA003FB487 /* BurnDownChartPresenter.swift in Sources */,
				B2FAEBEB21FD40D1001F0D39 /* LoginInteractor.swift in Sources */,
				B298C64121FE7514008CC401 /* Router.swift in Sources */,
				B21452292202774E003FB487 /* JIRAResponseSprint.swift in Sources */,
				B298C69F21FEC6BE008CC401 /* JIRAResponseIssuesBoard.swift in Sources */,
				B2FAEBAD21FD1D5F001F0D39 /* AppDelegate.swift in Sources */,
				B2A5067922001C5B00B0211A /* IssueRouter.swift in Sources */,
				B214522A2202774E003FB487 /* JIRASprint.swift in Sources */,
				B298C6AD21FF7A96008CC401 /* JIRAIssueTypeName.swift in Sources */,
				B298C68721FEBC1E008CC401 /* JIRAResponseBoard.swift in Sources */,
				B298C62921FE412F008CC401 /* SimpleResult.swift in Sources */,
				B298C6A321FEC98E008CC401 /* JIRATimetracking.swift in Sources */,
				B298C6A121FEC95C008CC401 /* JIRAIssueFields.swift in Sources */,
				B298C6A921FED680008CC401 /* MenuViewController.swift in Sources */,
				B298C63121FE6A6C008CC401 /* ListProjectsViewController.swift in Sources */,
				B298C62721FE4116008CC401 /* Result.swift in Sources */,
				B2FAEBE021FD2E4A001F0D39 /* LoginRouter.swift in Sources */,
				B214522D2202774E003FB487 /* SprintTableViewCell.swift in Sources */,
				B21452312202774E003FB487 /* ListSprintsRouter.swift in Sources */,
				B298C69D21FEC698008CC401 /* JIRAIssue.swift in Sources */,
				B298C66921FEA5CF008CC401 /* ListVersionsRouter.swift in Sources */,
				B2FAEBE821FD403E001F0D39 /* LoginPresenter.swift in Sources */,
				B298C66821FEA5CF008CC401 /* ListVersionsInteractor.swift in Sources */,
				B298C69421FEC3E5008CC401 /* BoardRouter.swift in Sources */,
				B298C69A21FEC562008CC401 /* BoardInteractor.swift in Sources */,
				B298C66621FEA5CF008CC401 /* ListVertionsViewController.swift in Sources */,
				B298C65321FE9086008CC401 /* Settings.swift in Sources */,
				B214522F2202774E003FB487 /* ListSprintsViewController.swift in Sources */,
				B2A5066E21FFFDE800B0211A /* JIRAIssueTypeName+Icon.swift in Sources */,
				B298C64E21FE87E1008CC401 /* SettingsPresenter.swift in Sources */,
				B21452302202774E003FB487 /* ListSprintsInteractor.swift in Sources */,
				B298C68D21FEC395008CC401 /* BoardViewController.swift in Sources */,
			);
			runOnlyForDeploymentPostprocessing = 0;
		};
/* End PBXSourcesBuildPhase section */

/* Begin PBXVariantGroup section */
		B2FAEBB521FD1D61001F0D39 /* LaunchScreen.storyboard */ = {
			isa = PBXVariantGroup;
			children = (
				B2FAEBB621FD1D61001F0D39 /* Base */,
			);
			name = LaunchScreen.storyboard;
			sourceTree = "<group>";
		};
/* End PBXVariantGroup section */

/* Begin XCBuildConfiguration section */
		B2FAEBCF21FD1D61001F0D39 /* Debug */ = {
			isa = XCBuildConfiguration;
			buildSettings = {
				ALWAYS_SEARCH_USER_PATHS = NO;
				CLANG_ANALYZER_NONNULL = YES;
				CLANG_ANALYZER_NUMBER_OBJECT_CONVERSION = YES_AGGRESSIVE;
				CLANG_CXX_LANGUAGE_STANDARD = "gnu++14";
				CLANG_CXX_LIBRARY = "libc++";
				CLANG_ENABLE_MODULES = YES;
				CLANG_ENABLE_OBJC_ARC = YES;
				CLANG_ENABLE_OBJC_WEAK = YES;
				CLANG_WARN_BLOCK_CAPTURE_AUTORELEASING = YES;
				CLANG_WARN_BOOL_CONVERSION = YES;
				CLANG_WARN_COMMA = YES;
				CLANG_WARN_CONSTANT_CONVERSION = YES;
				CLANG_WARN_DEPRECATED_OBJC_IMPLEMENTATIONS = YES;
				CLANG_WARN_DIRECT_OBJC_ISA_USAGE = YES_ERROR;
				CLANG_WARN_DOCUMENTATION_COMMENTS = YES;
				CLANG_WARN_EMPTY_BODY = YES;
				CLANG_WARN_ENUM_CONVERSION = YES;
				CLANG_WARN_INFINITE_RECURSION = YES;
				CLANG_WARN_INT_CONVERSION = YES;
				CLANG_WARN_NON_LITERAL_NULL_CONVERSION = YES;
				CLANG_WARN_OBJC_IMPLICIT_RETAIN_SELF = YES;
				CLANG_WARN_OBJC_LITERAL_CONVERSION = YES;
				CLANG_WARN_OBJC_ROOT_CLASS = YES_ERROR;
				CLANG_WARN_RANGE_LOOP_ANALYSIS = YES;
				CLANG_WARN_STRICT_PROTOTYPES = YES;
				CLANG_WARN_SUSPICIOUS_MOVE = YES;
				CLANG_WARN_UNGUARDED_AVAILABILITY = YES_AGGRESSIVE;
				CLANG_WARN_UNREACHABLE_CODE = YES;
				CLANG_WARN__DUPLICATE_METHOD_MATCH = YES;
				CODE_SIGN_IDENTITY = "iPhone Developer";
				COPY_PHASE_STRIP = NO;
				DEBUG_INFORMATION_FORMAT = dwarf;
				ENABLE_STRICT_OBJC_MSGSEND = YES;
				ENABLE_TESTABILITY = YES;
				GCC_C_LANGUAGE_STANDARD = gnu11;
				GCC_DYNAMIC_NO_PIC = NO;
				GCC_NO_COMMON_BLOCKS = YES;
				GCC_OPTIMIZATION_LEVEL = 0;
				GCC_PREPROCESSOR_DEFINITIONS = (
					"DEBUG=1",
					"$(inherited)",
				);
				GCC_WARN_64_TO_32_BIT_CONVERSION = YES;
				GCC_WARN_ABOUT_RETURN_TYPE = YES_ERROR;
				GCC_WARN_UNDECLARED_SELECTOR = YES;
				GCC_WARN_UNINITIALIZED_AUTOS = YES_AGGRESSIVE;
				GCC_WARN_UNUSED_FUNCTION = YES;
				GCC_WARN_UNUSED_VARIABLE = YES;
				IPHONEOS_DEPLOYMENT_TARGET = 12.1;
				MTL_ENABLE_DEBUG_INFO = INCLUDE_SOURCE;
				MTL_FAST_MATH = YES;
				ONLY_ACTIVE_ARCH = YES;
				SDKROOT = iphoneos;
				SWIFT_ACTIVE_COMPILATION_CONDITIONS = DEBUG;
				SWIFT_OPTIMIZATION_LEVEL = "-Onone";
			};
			name = Debug;
		};
		B2FAEBD021FD1D61001F0D39 /* Release */ = {
			isa = XCBuildConfiguration;
			buildSettings = {
				ALWAYS_SEARCH_USER_PATHS = NO;
				CLANG_ANALYZER_NONNULL = YES;
				CLANG_ANALYZER_NUMBER_OBJECT_CONVERSION = YES_AGGRESSIVE;
				CLANG_CXX_LANGUAGE_STANDARD = "gnu++14";
				CLANG_CXX_LIBRARY = "libc++";
				CLANG_ENABLE_MODULES = YES;
				CLANG_ENABLE_OBJC_ARC = YES;
				CLANG_ENABLE_OBJC_WEAK = YES;
				CLANG_WARN_BLOCK_CAPTURE_AUTORELEASING = YES;
				CLANG_WARN_BOOL_CONVERSION = YES;
				CLANG_WARN_COMMA = YES;
				CLANG_WARN_CONSTANT_CONVERSION = YES;
				CLANG_WARN_DEPRECATED_OBJC_IMPLEMENTATIONS = YES;
				CLANG_WARN_DIRECT_OBJC_ISA_USAGE = YES_ERROR;
				CLANG_WARN_DOCUMENTATION_COMMENTS = YES;
				CLANG_WARN_EMPTY_BODY = YES;
				CLANG_WARN_ENUM_CONVERSION = YES;
				CLANG_WARN_INFINITE_RECURSION = YES;
				CLANG_WARN_INT_CONVERSION = YES;
				CLANG_WARN_NON_LITERAL_NULL_CONVERSION = YES;
				CLANG_WARN_OBJC_IMPLICIT_RETAIN_SELF = YES;
				CLANG_WARN_OBJC_LITERAL_CONVERSION = YES;
				CLANG_WARN_OBJC_ROOT_CLASS = YES_ERROR;
				CLANG_WARN_RANGE_LOOP_ANALYSIS = YES;
				CLANG_WARN_STRICT_PROTOTYPES = YES;
				CLANG_WARN_SUSPICIOUS_MOVE = YES;
				CLANG_WARN_UNGUARDED_AVAILABILITY = YES_AGGRESSIVE;
				CLANG_WARN_UNREACHABLE_CODE = YES;
				CLANG_WARN__DUPLICATE_METHOD_MATCH = YES;
				CODE_SIGN_IDENTITY = "iPhone Developer";
				COPY_PHASE_STRIP = NO;
				DEBUG_INFORMATION_FORMAT = "dwarf-with-dsym";
				ENABLE_NS_ASSERTIONS = NO;
				ENABLE_STRICT_OBJC_MSGSEND = YES;
				GCC_C_LANGUAGE_STANDARD = gnu11;
				GCC_NO_COMMON_BLOCKS = YES;
				GCC_WARN_64_TO_32_BIT_CONVERSION = YES;
				GCC_WARN_ABOUT_RETURN_TYPE = YES_ERROR;
				GCC_WARN_UNDECLARED_SELECTOR = YES;
				GCC_WARN_UNINITIALIZED_AUTOS = YES_AGGRESSIVE;
				GCC_WARN_UNUSED_FUNCTION = YES;
				GCC_WARN_UNUSED_VARIABLE = YES;
				IPHONEOS_DEPLOYMENT_TARGET = 12.1;
				MTL_ENABLE_DEBUG_INFO = NO;
				MTL_FAST_MATH = YES;
				SDKROOT = iphoneos;
				SWIFT_COMPILATION_MODE = wholemodule;
				SWIFT_OPTIMIZATION_LEVEL = "-O";
				VALIDATE_PRODUCT = YES;
			};
			name = Release;
		};
		B2FAEBD221FD1D61001F0D39 /* Debug */ = {
			isa = XCBuildConfiguration;
			baseConfigurationReference = B0DC965B7971DB8FDC2F70EE /* Pods-jira-work-log.debug.xcconfig */;
			buildSettings = {
				ASSETCATALOG_COMPILER_APPICON_NAME = AppIcon;
				CODE_SIGN_STYLE = Automatic;
				DEVELOPMENT_TEAM = 5VF9NVGSKV;
				INFOPLIST_FILE = "jira-work-log/Info.plist";
				LD_RUNPATH_SEARCH_PATHS = (
					"$(inherited)",
					"@executable_path/Frameworks",
				);
				PRODUCT_BUNDLE_IDENTIFIER = "name.f3rn4nd0.jira-worklog";
				PRODUCT_NAME = "$(TARGET_NAME)";
				SWIFT_VERSION = 4.2;
				TARGETED_DEVICE_FAMILY = "1,2";
			};
			name = Debug;
		};
		B2FAEBD321FD1D61001F0D39 /* Release */ = {
			isa = XCBuildConfiguration;
			baseConfigurationReference = DE02E285D16905FB42B3FCC7 /* Pods-jira-work-log.release.xcconfig */;
			buildSettings = {
				ASSETCATALOG_COMPILER_APPICON_NAME = AppIcon;
				CODE_SIGN_STYLE = Automatic;
				DEVELOPMENT_TEAM = 5VF9NVGSKV;
				INFOPLIST_FILE = "jira-work-log/Info.plist";
				LD_RUNPATH_SEARCH_PATHS = (
					"$(inherited)",
					"@executable_path/Frameworks",
				);
				PRODUCT_BUNDLE_IDENTIFIER = "name.f3rn4nd0.jira-worklog";
				PRODUCT_NAME = "$(TARGET_NAME)";
				SWIFT_VERSION = 4.2;
				TARGETED_DEVICE_FAMILY = "1,2";
			};
			name = Release;
		};
/* End XCBuildConfiguration section */

/* Begin XCConfigurationList section */
		B2FAEBA421FD1D5F001F0D39 /* Build configuration list for PBXProject "jira-work-log" */ = {
			isa = XCConfigurationList;
			buildConfigurations = (
				B2FAEBCF21FD1D61001F0D39 /* Debug */,
				B2FAEBD021FD1D61001F0D39 /* Release */,
			);
			defaultConfigurationIsVisible = 0;
			defaultConfigurationName = Release;
		};
		B2FAEBD121FD1D61001F0D39 /* Build configuration list for PBXNativeTarget "jira-work-log" */ = {
			isa = XCConfigurationList;
			buildConfigurations = (
				B2FAEBD221FD1D61001F0D39 /* Debug */,
				B2FAEBD321FD1D61001F0D39 /* Release */,
			);
			defaultConfigurationIsVisible = 0;
			defaultConfigurationName = Release;
		};
/* End XCConfigurationList section */
	};
	rootObject = B2FAEBA121FD1D5F001F0D39 /* Project object */;
}
